// !$*UTF8*$!
{
	archiveVersion = 1;
	classes = {
	};
	objectVersion = 46;
	objects = {

/* Begin PBXBuildFile section */
		48BE566E1F73519A00455B0C /* ConsoleViewController.m in Sources */ = {isa = PBXBuildFile; fileRef = 48BE566C1F73519A00455B0C /* ConsoleViewController.m */; };
		48BE566F1F73519A00455B0C /* ConsoleViewController.xib in Resources */ = {isa = PBXBuildFile; fileRef = 48BE566D1F73519A00455B0C /* ConsoleViewController.xib */; };
		48BE56731F73593700455B0C /* SalesOrderTableViewCell.m in Sources */ = {isa = PBXBuildFile; fileRef = 48BE56711F73593700455B0C /* SalesOrderTableViewCell.m */; };
		48BE56741F73593700455B0C /* SalesOrderTableViewCell.xib in Resources */ = {isa = PBXBuildFile; fileRef = 48BE56721F73593700455B0C /* SalesOrderTableViewCell.xib */; };
		48BE56801F7395EC00455B0C /* OrderTableViewCell.m in Sources */ = {isa = PBXBuildFile; fileRef = 48BE567E1F7395EC00455B0C /* OrderTableViewCell.m */; };
		48BE56811F7395EC00455B0C /* OrderTableViewCell.xib in Resources */ = {isa = PBXBuildFile; fileRef = 48BE567F1F7395EC00455B0C /* OrderTableViewCell.xib */; };
		48BE56851F73963000455B0C /* OrderTopTableViewCell.m in Sources */ = {isa = PBXBuildFile; fileRef = 48BE56831F73963000455B0C /* OrderTopTableViewCell.m */; };
		48BE56861F73963000455B0C /* OrderTopTableViewCell.xib in Resources */ = {isa = PBXBuildFile; fileRef = 48BE56841F73963000455B0C /* OrderTopTableViewCell.xib */; };
		54686E46EFFC9E9166BD2650 /* Pods_ShopTest.framework in Frameworks */ = {isa = PBXBuildFile; fileRef = B2951A85DB31F2E9F65F2EC7 /* Pods_ShopTest.framework */; };
		F51A420D1F565EE400D73497 /* main.m in Sources */ = {isa = PBXBuildFile; fileRef = F51A420C1F565EE400D73497 /* main.m */; };
		F51A42101F565EE400D73497 /* AppDelegate.m in Sources */ = {isa = PBXBuildFile; fileRef = F51A420F1F565EE400D73497 /* AppDelegate.m */; };
		F51A42181F565EE400D73497 /* Assets.xcassets in Resources */ = {isa = PBXBuildFile; fileRef = F51A42171F565EE400D73497 /* Assets.xcassets */; };
		F51A421B1F565EE400D73497 /* LaunchScreen.storyboard in Resources */ = {isa = PBXBuildFile; fileRef = F51A42191F565EE400D73497 /* LaunchScreen.storyboard */; };
		F52C35291F57AC0700800C8C /* UIColor+Extension.m in Sources */ = {isa = PBXBuildFile; fileRef = F52C35281F57AC0700800C8C /* UIColor+Extension.m */; };
		F52C352D1F57BEE900800C8C /* GoodsModel.m in Sources */ = {isa = PBXBuildFile; fileRef = F52C352C1F57BEE900800C8C /* GoodsModel.m */; };
		F55C91AB1F6908A500A35457 /* ThemeViewController.m in Sources */ = {isa = PBXBuildFile; fileRef = F55C91A91F6908A500A35457 /* ThemeViewController.m */; };
		F55C91AC1F6908A500A35457 /* ThemeViewController.xib in Resources */ = {isa = PBXBuildFile; fileRef = F55C91AA1F6908A500A35457 /* ThemeViewController.xib */; };
		F55C91B11F6910F600A35457 /* PayWayViewController.m in Sources */ = {isa = PBXBuildFile; fileRef = F55C91AF1F6910F600A35457 /* PayWayViewController.m */; };
		F55C91B21F6910F600A35457 /* PayWayViewController.xib in Resources */ = {isa = PBXBuildFile; fileRef = F55C91B01F6910F600A35457 /* PayWayViewController.xib */; };
		F564688C1F5660A200C728E8 /* LoginViewController.m in Sources */ = {isa = PBXBuildFile; fileRef = F564688A1F5660A200C728E8 /* LoginViewController.m */; };
		F564688D1F5660A200C728E8 /* LoginViewController.xib in Resources */ = {isa = PBXBuildFile; fileRef = F564688B1F5660A200C728E8 /* LoginViewController.xib */; };
		F56468901F56684E00C728E8 /* Podfile in Resources */ = {isa = PBXBuildFile; fileRef = F564688F1F56684E00C728E8 /* Podfile */; };
		F56468961F566D0E00C728E8 /* UserModel.m in Sources */ = {isa = PBXBuildFile; fileRef = F56468951F566D0E00C728E8 /* UserModel.m */; };
		F564689D1F56995A00C728E8 /* FBAPI.m in Sources */ = {isa = PBXBuildFile; fileRef = F564689A1F56995A00C728E8 /* FBAPI.m */; };
		F564689E1F56995A00C728E8 /* FBRequest.m in Sources */ = {isa = PBXBuildFile; fileRef = F564689C1F56995A00C728E8 /* FBRequest.m */; };
		F56468A31F569A2700C728E8 /* NSString+FBMD5.m in Sources */ = {isa = PBXBuildFile; fileRef = F56468A21F569A2700C728E8 /* NSString+FBMD5.m */; };
		F56468A81F569CCD00C728E8 /* GoodsViewController.m in Sources */ = {isa = PBXBuildFile; fileRef = F56468A61F569CCD00C728E8 /* GoodsViewController.m */; };
		F56468A91F569CCD00C728E8 /* GoodsViewController.xib in Resources */ = {isa = PBXBuildFile; fileRef = F56468A71F569CCD00C728E8 /* GoodsViewController.xib */; };
		F56468AD1F569E8C00C728E8 /* BaseNavController.m in Sources */ = {isa = PBXBuildFile; fileRef = F56468AC1F569E8C00C728E8 /* BaseNavController.m */; };
		F56468B11F56A0E000C728E8 /* Vc.m in Sources */ = {isa = PBXBuildFile; fileRef = F56468AF1F56A0E000C728E8 /* Vc.m */; };
		F56468B21F56A0E000C728E8 /* Vc.xib in Resources */ = {isa = PBXBuildFile; fileRef = F56468B01F56A0E000C728E8 /* Vc.xib */; };
		F56B4A9B1F6D4DC2003B9E73 /* HistoryTopTableViewCell.m in Sources */ = {isa = PBXBuildFile; fileRef = F56B4A991F6D4DC2003B9E73 /* HistoryTopTableViewCell.m */; };
		F56B4A9C1F6D4DC2003B9E73 /* HistoryTopTableViewCell.xib in Resources */ = {isa = PBXBuildFile; fileRef = F56B4A9A1F6D4DC2003B9E73 /* HistoryTopTableViewCell.xib */; };
		F56B4B0B1F6F8C98003B9E73 /* SkuCollectionViewCell.m in Sources */ = {isa = PBXBuildFile; fileRef = F56B4B091F6F8C98003B9E73 /* SkuCollectionViewCell.m */; };
		F56B4B0C1F6F8C98003B9E73 /* SkuCollectionViewCell.xib in Resources */ = {isa = PBXBuildFile; fileRef = F56B4B0A1F6F8C98003B9E73 /* SkuCollectionViewCell.xib */; };
		F56B4B261F6F9BAD003B9E73 /* LayoutAttributeTools.m in Sources */ = {isa = PBXBuildFile; fileRef = F56B4B141F6F9BAD003B9E73 /* LayoutAttributeTools.m */; };
		F56B4B271F6F9BAD003B9E73 /* home.png in Resources */ = {isa = PBXBuildFile; fileRef = F56B4B181F6F9BAD003B9E73 /* home.png */; };
		F56B4B281F6F9BAD003B9E73 /* left.png in Resources */ = {isa = PBXBuildFile; fileRef = F56B4B191F6F9BAD003B9E73 /* left.png */; };
		F56B4B291F6F9BAD003B9E73 /* right.png in Resources */ = {isa = PBXBuildFile; fileRef = F56B4B1A1F6F9BAD003B9E73 /* right.png */; };
		F56B4B2A1F6F9BAD003B9E73 /* LeftAlignedFlowLayout.m in Sources */ = {isa = PBXBuildFile; fileRef = F56B4B1D1F6F9BAD003B9E73 /* LeftAlignedFlowLayout.m */; };
		F56B4B2B1F6F9BAD003B9E73 /* Attribute.m in Sources */ = {isa = PBXBuildFile; fileRef = F56B4B201F6F9BAD003B9E73 /* Attribute.m */; };
		F56B4B2C1F6F9BAD003B9E73 /* RightAlignedFlowLayout.m in Sources */ = {isa = PBXBuildFile; fileRef = F56B4B231F6F9BAD003B9E73 /* RightAlignedFlowLayout.m */; };
		F56B4B2D1F6F9BAD003B9E73 /* ZFFlowLayout.m in Sources */ = {isa = PBXBuildFile; fileRef = F56B4B251F6F9BAD003B9E73 /* ZFFlowLayout.m */; };
		F56B4B821F70AD2A003B9E73 /* OrderViewController.m in Sources */ = {isa = PBXBuildFile; fileRef = F56B4B801F70AD2A003B9E73 /* OrderViewController.m */; };
		F56B4B831F70AD2A003B9E73 /* OrderViewController.xib in Resources */ = {isa = PBXBuildFile; fileRef = F56B4B811F70AD2A003B9E73 /* OrderViewController.xib */; };
		F56B4B9D1F724240003B9E73 /* ValidationViewController.m in Sources */ = {isa = PBXBuildFile; fileRef = F56B4B9B1F724240003B9E73 /* ValidationViewController.m */; };
		F56B4B9E1F724240003B9E73 /* ValidationViewController.xib in Resources */ = {isa = PBXBuildFile; fileRef = F56B4B9C1F724240003B9E73 /* ValidationViewController.xib */; };
		F56CDAFB1F74C17F00238750 /* OrderModel.m in Sources */ = {isa = PBXBuildFile; fileRef = F56CDAFA1F74C17F00238750 /* OrderModel.m */; };
		F56CDAFF1F7501A100238750 /* OrderDetailModel.m in Sources */ = {isa = PBXBuildFile; fileRef = F56CDAFE1F7501A100238750 /* OrderDetailModel.m */; };
		F59C25131F6A222600C4087B /* UserViewController.m in Sources */ = {isa = PBXBuildFile; fileRef = F59C25111F6A222600C4087B /* UserViewController.m */; };
		F59C25141F6A222600C4087B /* UserViewController.xib in Resources */ = {isa = PBXBuildFile; fileRef = F59C25121F6A222600C4087B /* UserViewController.xib */; };
		F5A53BF71F57F0C400DAECC5 /* RowsModel.m in Sources */ = {isa = PBXBuildFile; fileRef = F5A53BF61F57F0C400DAECC5 /* RowsModel.m */; };
		F5A53BFC1F57F55000DAECC5 /* GoodsCollectionViewCell.m in Sources */ = {isa = PBXBuildFile; fileRef = F5A53BFA1F57F55000DAECC5 /* GoodsCollectionViewCell.m */; };
		F5A53BFD1F57F55000DAECC5 /* GoodsCollectionViewCell.xib in Resources */ = {isa = PBXBuildFile; fileRef = F5A53BFB1F57F55000DAECC5 /* GoodsCollectionViewCell.xib */; };
		F5A53C001F58110000DAECC5 /* QRCodeScanViewController.m in Sources */ = {isa = PBXBuildFile; fileRef = F5A53BFF1F58110000DAECC5 /* QRCodeScanViewController.m */; };
		F5A53C031F581E4000DAECC5 /* UIView+FSExtension.m in Sources */ = {isa = PBXBuildFile; fileRef = F5A53C021F581E4000DAECC5 /* UIView+FSExtension.m */; };
		F5A53C071F58F58600DAECC5 /* CategoryViewController.m in Sources */ = {isa = PBXBuildFile; fileRef = F5A53C051F58F58600DAECC5 /* CategoryViewController.m */; };
		F5A53C081F58F58600DAECC5 /* CategoryViewController.xib in Resources */ = {isa = PBXBuildFile; fileRef = F5A53C061F58F58600DAECC5 /* CategoryViewController.xib */; };
		F5A53C0C1F58FFA100DAECC5 /* GoodsDetailViewController.m in Sources */ = {isa = PBXBuildFile; fileRef = F5A53C0A1F58FFA100DAECC5 /* GoodsDetailViewController.m */; };
		F5A53C0D1F58FFA100DAECC5 /* GoodsDetailViewController.xib in Resources */ = {isa = PBXBuildFile; fileRef = F5A53C0B1F58FFA100DAECC5 /* GoodsDetailViewController.xib */; };
		F5A53C111F59764600DAECC5 /* OderInfoViewController.m in Sources */ = {isa = PBXBuildFile; fileRef = F5A53C0F1F59764600DAECC5 /* OderInfoViewController.m */; };
		F5A53C121F59764600DAECC5 /* OderInfoViewController.xib in Resources */ = {isa = PBXBuildFile; fileRef = F5A53C101F59764600DAECC5 /* OderInfoViewController.xib */; };
		F5A53C151F5CE33C00DAECC5 /* GoodsDetailModel.m in Sources */ = {isa = PBXBuildFile; fileRef = F5A53C141F5CE33C00DAECC5 /* GoodsDetailModel.m */; };
		F5A53C181F5D240F00DAECC5 /* Sku.m in Sources */ = {isa = PBXBuildFile; fileRef = F5A53C171F5D240F00DAECC5 /* Sku.m */; };
		F5A53C1D1F5E36BE00DAECC5 /* PaymentCodeViewController.m in Sources */ = {isa = PBXBuildFile; fileRef = F5A53C1B1F5E36BD00DAECC5 /* PaymentCodeViewController.m */; };
		F5A53C1E1F5E36BE00DAECC5 /* PaymentCodeViewController.xib in Resources */ = {isa = PBXBuildFile; fileRef = F5A53C1C1F5E36BD00DAECC5 /* PaymentCodeViewController.xib */; };
		F5A53C221F5E40D300DAECC5 /* KuaiDiViewController.m in Sources */ = {isa = PBXBuildFile; fileRef = F5A53C201F5E40D300DAECC5 /* KuaiDiViewController.m */; };
		F5A53C231F5E40D300DAECC5 /* KuaiDiViewController.xib in Resources */ = {isa = PBXBuildFile; fileRef = F5A53C211F5E40D300DAECC5 /* KuaiDiViewController.xib */; };
		F5A9818B1F7E288300A18EC9 /* DongApplication.m in Sources */ = {isa = PBXBuildFile; fileRef = F5A9818A1F7E288200A18EC9 /* DongApplication.m */; };
		F5A9818F1F7E2BA400A18EC9 /* ShowPictureViewController.m in Sources */ = {isa = PBXBuildFile; fileRef = F5A9818D1F7E2BA400A18EC9 /* ShowPictureViewController.m */; };
		F5A981901F7E2BA400A18EC9 /* ShowPictureViewController.xib in Resources */ = {isa = PBXBuildFile; fileRef = F5A9818E1F7E2BA400A18EC9 /* ShowPictureViewController.xib */; };
		F5C4654E1F95E22900FCCF96 /* ShowPoictureStaticViewController.m in Sources */ = {isa = PBXBuildFile; fileRef = F5C4654C1F95E22900FCCF96 /* ShowPoictureStaticViewController.m */; };
		F5C4654F1F95E22900FCCF96 /* ShowPoictureStaticViewController.xib in Resources */ = {isa = PBXBuildFile; fileRef = F5C4654D1F95E22900FCCF96 /* ShowPoictureStaticViewController.xib */; };
		F5C465531F98965800FCCF96 /* PrintViewController.m in Sources */ = {isa = PBXBuildFile; fileRef = F5C465511F98965800FCCF96 /* PrintViewController.m */; };
		F5C465541F98965800FCCF96 /* PrintViewController.xib in Resources */ = {isa = PBXBuildFile; fileRef = F5C465521F98965800FCCF96 /* PrintViewController.xib */; };
		F5CC32031F67B03D006F03F2 /* DKColorTable.txt in Resources */ = {isa = PBXBuildFile; fileRef = F5CC32021F67B03D006F03F2 /* DKColorTable.txt */; };
		F5D326A01F5E8DEF004A0C78 /* THNChooseCityViewController.m in Sources */ = {isa = PBXBuildFile; fileRef = F5D3269F1F5E8DEF004A0C78 /* THNChooseCityViewController.m */; };
		F5D326A31F5E8F50004A0C78 /* THNProvinceModel.m in Sources */ = {isa = PBXBuildFile; fileRef = F5D326A21F5E8F50004A0C78 /* THNProvinceModel.m */; };
		F5D326A71F5FD218004A0C78 /* CategoryTableViewCell.m in Sources */ = {isa = PBXBuildFile; fileRef = F5D326A51F5FD218004A0C78 /* CategoryTableViewCell.m */; };
		F5D326A81F5FD218004A0C78 /* CategoryTableViewCell.xib in Resources */ = {isa = PBXBuildFile; fileRef = F5D326A61F5FD218004A0C78 /* CategoryTableViewCell.xib */; };
		F5F834D91F6A80E4000480DA /* SearchViewController.m in Sources */ = {isa = PBXBuildFile; fileRef = F5F834D71F6A80E4000480DA /* SearchViewController.m */; };
		F5F834DA1F6A80E4000480DA /* SearchViewController.xib in Resources */ = {isa = PBXBuildFile; fileRef = F5F834D81F6A80E4000480DA /* SearchViewController.xib */; };
		F5F834DF1F6B86D9000480DA /* SearchExpandedTableViewCell.m in Sources */ = {isa = PBXBuildFile; fileRef = F5F834DD1F6B86D9000480DA /* SearchExpandedTableViewCell.m */; };
		F5F834E01F6B86D9000480DA /* SearchExpandedTableViewCell.xib in Resources */ = {isa = PBXBuildFile; fileRef = F5F834DE1F6B86D9000480DA /* SearchExpandedTableViewCell.xib */; };
		F5F834E41F6BB58B000480DA /* SearchResultListViewController.m in Sources */ = {isa = PBXBuildFile; fileRef = F5F834E21F6BB58B000480DA /* SearchResultListViewController.m */; };
		F5F834E51F6BB58B000480DA /* SearchResultListViewController.xib in Resources */ = {isa = PBXBuildFile; fileRef = F5F834E31F6BB58B000480DA /* SearchResultListViewController.xib */; };
		F5F834E91F6BBE76000480DA /* SearchListModel.m in Sources */ = {isa = PBXBuildFile; fileRef = F5F834E81F6BBE76000480DA /* SearchListModel.m */; };
		F5F834EC1F6BD3EA000480DA /* SearchHistoryModel.m in Sources */ = {isa = PBXBuildFile; fileRef = F5F834EB1F6BD3EA000480DA /* SearchHistoryModel.m */; };
/* End PBXBuildFile section */

/* Begin PBXFileReference section */
		24839170579F84876AFBCC93 /* Pods-ShopTest.ad hoc distribution.xcconfig */ = {isa = PBXFileReference; includeInIndex = 1; lastKnownFileType = text.xcconfig; name = "Pods-ShopTest.ad hoc distribution.xcconfig"; path = "Pods/Target Support Files/Pods-ShopTest/Pods-ShopTest.ad hoc distribution.xcconfig"; sourceTree = "<group>"; };
		48BE566B1F73519A00455B0C /* ConsoleViewController.h */ = {isa = PBXFileReference; fileEncoding = 4; lastKnownFileType = sourcecode.c.h; path = ConsoleViewController.h; sourceTree = "<group>"; };
		48BE566C1F73519A00455B0C /* ConsoleViewController.m */ = {isa = PBXFileReference; fileEncoding = 4; lastKnownFileType = sourcecode.c.objc; path = ConsoleViewController.m; sourceTree = "<group>"; };
		48BE566D1F73519A00455B0C /* ConsoleViewController.xib */ = {isa = PBXFileReference; fileEncoding = 4; lastKnownFileType = file.xib; path = ConsoleViewController.xib; sourceTree = "<group>"; };
		48BE56701F73593700455B0C /* SalesOrderTableViewCell.h */ = {isa = PBXFileReference; fileEncoding = 4; lastKnownFileType = sourcecode.c.h; path = SalesOrderTableViewCell.h; sourceTree = "<group>"; };
		48BE56711F73593700455B0C /* SalesOrderTableViewCell.m */ = {isa = PBXFileReference; fileEncoding = 4; lastKnownFileType = sourcecode.c.objc; path = SalesOrderTableViewCell.m; sourceTree = "<group>"; };
		48BE56721F73593700455B0C /* SalesOrderTableViewCell.xib */ = {isa = PBXFileReference; fileEncoding = 4; lastKnownFileType = file.xib; path = SalesOrderTableViewCell.xib; sourceTree = "<group>"; };
		48BE567B1F73633700455B0C /* ChartsSwift.h */ = {isa = PBXFileReference; fileEncoding = 4; lastKnownFileType = sourcecode.c.h; path = ChartsSwift.h; sourceTree = "<group>"; };
		48BE567D1F7395EC00455B0C /* OrderTableViewCell.h */ = {isa = PBXFileReference; fileEncoding = 4; lastKnownFileType = sourcecode.c.h; path = OrderTableViewCell.h; sourceTree = "<group>"; };
		48BE567E1F7395EC00455B0C /* OrderTableViewCell.m */ = {isa = PBXFileReference; fileEncoding = 4; lastKnownFileType = sourcecode.c.objc; path = OrderTableViewCell.m; sourceTree = "<group>"; };
		48BE567F1F7395EC00455B0C /* OrderTableViewCell.xib */ = {isa = PBXFileReference; fileEncoding = 4; lastKnownFileType = file.xib; path = OrderTableViewCell.xib; sourceTree = "<group>"; };
		48BE56821F73963000455B0C /* OrderTopTableViewCell.h */ = {isa = PBXFileReference; fileEncoding = 4; lastKnownFileType = sourcecode.c.h; path = OrderTopTableViewCell.h; sourceTree = "<group>"; };
		48BE56831F73963000455B0C /* OrderTopTableViewCell.m */ = {isa = PBXFileReference; fileEncoding = 4; lastKnownFileType = sourcecode.c.objc; path = OrderTopTableViewCell.m; sourceTree = "<group>"; };
		48BE56841F73963000455B0C /* OrderTopTableViewCell.xib */ = {isa = PBXFileReference; fileEncoding = 4; lastKnownFileType = file.xib; path = OrderTopTableViewCell.xib; sourceTree = "<group>"; };
		B2951A85DB31F2E9F65F2EC7 /* Pods_ShopTest.framework */ = {isa = PBXFileReference; explicitFileType = wrapper.framework; includeInIndex = 0; path = Pods_ShopTest.framework; sourceTree = BUILT_PRODUCTS_DIR; };
		E8CD2C05903F8959F16CDD82 /* Pods-ShopTest.debug.xcconfig */ = {isa = PBXFileReference; includeInIndex = 1; lastKnownFileType = text.xcconfig; name = "Pods-ShopTest.debug.xcconfig"; path = "Pods/Target Support Files/Pods-ShopTest/Pods-ShopTest.debug.xcconfig"; sourceTree = "<group>"; };
		EF2119BB5311CF3176B51094 /* Pods-ShopTest.release.xcconfig */ = {isa = PBXFileReference; includeInIndex = 1; lastKnownFileType = text.xcconfig; name = "Pods-ShopTest.release.xcconfig"; path = "Pods/Target Support Files/Pods-ShopTest/Pods-ShopTest.release.xcconfig"; sourceTree = "<group>"; };
		F51A42081F565EE400D73497 /* ShopStore.app */ = {isa = PBXFileReference; explicitFileType = wrapper.application; includeInIndex = 0; path = ShopStore.app; sourceTree = BUILT_PRODUCTS_DIR; };
		F51A420C1F565EE400D73497 /* main.m */ = {isa = PBXFileReference; lastKnownFileType = sourcecode.c.objc; path = main.m; sourceTree = "<group>"; };
		F51A420E1F565EE400D73497 /* AppDelegate.h */ = {isa = PBXFileReference; lastKnownFileType = sourcecode.c.h; path = AppDelegate.h; sourceTree = "<group>"; };
		F51A420F1F565EE400D73497 /* AppDelegate.m */ = {isa = PBXFileReference; lastKnownFileType = sourcecode.c.objc; path = AppDelegate.m; sourceTree = "<group>"; };
		F51A42171F565EE400D73497 /* Assets.xcassets */ = {isa = PBXFileReference; lastKnownFileType = folder.assetcatalog; path = Assets.xcassets; sourceTree = "<group>"; };
		F51A421A1F565EE400D73497 /* Base */ = {isa = PBXFileReference; lastKnownFileType = file.storyboard; name = Base; path = Base.lproj/LaunchScreen.storyboard; sourceTree = "<group>"; };
		F51A421C1F565EE400D73497 /* Info.plist */ = {isa = PBXFileReference; lastKnownFileType = text.plist.xml; path = Info.plist; sourceTree = "<group>"; };
		F52C35271F57AC0700800C8C /* UIColor+Extension.h */ = {isa = PBXFileReference; fileEncoding = 4; lastKnownFileType = sourcecode.c.h; path = "UIColor+Extension.h"; sourceTree = "<group>"; };
		F52C35281F57AC0700800C8C /* UIColor+Extension.m */ = {isa = PBXFileReference; fileEncoding = 4; lastKnownFileType = sourcecode.c.objc; path = "UIColor+Extension.m"; sourceTree = "<group>"; };
		F52C352B1F57BEE900800C8C /* GoodsModel.h */ = {isa = PBXFileReference; fileEncoding = 4; lastKnownFileType = sourcecode.c.h; path = GoodsModel.h; sourceTree = "<group>"; };
		F52C352C1F57BEE900800C8C /* GoodsModel.m */ = {isa = PBXFileReference; fileEncoding = 4; lastKnownFileType = sourcecode.c.objc; path = GoodsModel.m; sourceTree = "<group>"; };
		F554FBCF1F78E0D50011C653 /* ShopTest-Bridging-Header.h */ = {isa = PBXFileReference; lastKnownFileType = sourcecode.c.h; path = "ShopTest-Bridging-Header.h"; sourceTree = "<group>"; };
		F55C91A81F6908A500A35457 /* ThemeViewController.h */ = {isa = PBXFileReference; fileEncoding = 4; lastKnownFileType = sourcecode.c.h; path = ThemeViewController.h; sourceTree = "<group>"; };
		F55C91A91F6908A500A35457 /* ThemeViewController.m */ = {isa = PBXFileReference; fileEncoding = 4; lastKnownFileType = sourcecode.c.objc; path = ThemeViewController.m; sourceTree = "<group>"; };
		F55C91AA1F6908A500A35457 /* ThemeViewController.xib */ = {isa = PBXFileReference; fileEncoding = 4; lastKnownFileType = file.xib; path = ThemeViewController.xib; sourceTree = "<group>"; };
		F55C91AE1F6910F600A35457 /* PayWayViewController.h */ = {isa = PBXFileReference; fileEncoding = 4; lastKnownFileType = sourcecode.c.h; path = PayWayViewController.h; sourceTree = "<group>"; };
		F55C91AF1F6910F600A35457 /* PayWayViewController.m */ = {isa = PBXFileReference; fileEncoding = 4; lastKnownFileType = sourcecode.c.objc; path = PayWayViewController.m; sourceTree = "<group>"; };
		F55C91B01F6910F600A35457 /* PayWayViewController.xib */ = {isa = PBXFileReference; fileEncoding = 4; lastKnownFileType = file.xib; path = PayWayViewController.xib; sourceTree = "<group>"; };
		F56468891F5660A200C728E8 /* LoginViewController.h */ = {isa = PBXFileReference; fileEncoding = 4; lastKnownFileType = sourcecode.c.h; path = LoginViewController.h; sourceTree = "<group>"; };
		F564688A1F5660A200C728E8 /* LoginViewController.m */ = {isa = PBXFileReference; fileEncoding = 4; lastKnownFileType = sourcecode.c.objc; path = LoginViewController.m; sourceTree = "<group>"; };
		F564688B1F5660A200C728E8 /* LoginViewController.xib */ = {isa = PBXFileReference; fileEncoding = 4; lastKnownFileType = file.xib; path = LoginViewController.xib; sourceTree = "<group>"; };
		F564688F1F56684E00C728E8 /* Podfile */ = {isa = PBXFileReference; fileEncoding = 4; lastKnownFileType = text; path = Podfile; sourceTree = "<group>"; xcLanguageSpecificationIdentifier = xcode.lang.ruby; };
		F56468941F566D0E00C728E8 /* UserModel.h */ = {isa = PBXFileReference; fileEncoding = 4; lastKnownFileType = sourcecode.c.h; path = UserModel.h; sourceTree = "<group>"; };
		F56468951F566D0E00C728E8 /* UserModel.m */ = {isa = PBXFileReference; fileEncoding = 4; lastKnownFileType = sourcecode.c.objc; path = UserModel.m; sourceTree = "<group>"; };
		F56468991F56995A00C728E8 /* FBAPI.h */ = {isa = PBXFileReference; fileEncoding = 4; lastKnownFileType = sourcecode.c.h; path = FBAPI.h; sourceTree = "<group>"; };
		F564689A1F56995A00C728E8 /* FBAPI.m */ = {isa = PBXFileReference; fileEncoding = 4; lastKnownFileType = sourcecode.c.objc; path = FBAPI.m; sourceTree = "<group>"; };
		F564689B1F56995A00C728E8 /* FBRequest.h */ = {isa = PBXFileReference; fileEncoding = 4; lastKnownFileType = sourcecode.c.h; path = FBRequest.h; sourceTree = "<group>"; };
		F564689C1F56995A00C728E8 /* FBRequest.m */ = {isa = PBXFileReference; fileEncoding = 4; lastKnownFileType = sourcecode.c.objc; path = FBRequest.m; sourceTree = "<group>"; };
		F564689F1F5699AC00C728E8 /* FBConfig.h */ = {isa = PBXFileReference; fileEncoding = 4; lastKnownFileType = sourcecode.c.h; path = FBConfig.h; sourceTree = "<group>"; };
		F56468A11F569A2700C728E8 /* NSString+FBMD5.h */ = {isa = PBXFileReference; fileEncoding = 4; lastKnownFileType = sourcecode.c.h; path = "NSString+FBMD5.h"; sourceTree = "<group>"; };
		F56468A21F569A2700C728E8 /* NSString+FBMD5.m */ = {isa = PBXFileReference; fileEncoding = 4; lastKnownFileType = sourcecode.c.objc; path = "NSString+FBMD5.m"; sourceTree = "<group>"; };
		F56468A51F569CCD00C728E8 /* GoodsViewController.h */ = {isa = PBXFileReference; fileEncoding = 4; lastKnownFileType = sourcecode.c.h; path = GoodsViewController.h; sourceTree = "<group>"; };
		F56468A61F569CCD00C728E8 /* GoodsViewController.m */ = {isa = PBXFileReference; fileEncoding = 4; lastKnownFileType = sourcecode.c.objc; path = GoodsViewController.m; sourceTree = "<group>"; };
		F56468A71F569CCD00C728E8 /* GoodsViewController.xib */ = {isa = PBXFileReference; fileEncoding = 4; lastKnownFileType = file.xib; path = GoodsViewController.xib; sourceTree = "<group>"; };
		F56468AB1F569E8C00C728E8 /* BaseNavController.h */ = {isa = PBXFileReference; fileEncoding = 4; lastKnownFileType = sourcecode.c.h; path = BaseNavController.h; sourceTree = "<group>"; };
		F56468AC1F569E8C00C728E8 /* BaseNavController.m */ = {isa = PBXFileReference; fileEncoding = 4; lastKnownFileType = sourcecode.c.objc; path = BaseNavController.m; sourceTree = "<group>"; };
		F56468AE1F56A0E000C728E8 /* Vc.h */ = {isa = PBXFileReference; fileEncoding = 4; lastKnownFileType = sourcecode.c.h; path = Vc.h; sourceTree = "<group>"; };
		F56468AF1F56A0E000C728E8 /* Vc.m */ = {isa = PBXFileReference; fileEncoding = 4; lastKnownFileType = sourcecode.c.objc; path = Vc.m; sourceTree = "<group>"; };
		F56468B01F56A0E000C728E8 /* Vc.xib */ = {isa = PBXFileReference; fileEncoding = 4; lastKnownFileType = file.xib; path = Vc.xib; sourceTree = "<group>"; };
		F56B4A981F6D4DC2003B9E73 /* HistoryTopTableViewCell.h */ = {isa = PBXFileReference; fileEncoding = 4; lastKnownFileType = sourcecode.c.h; path = HistoryTopTableViewCell.h; sourceTree = "<group>"; };
		F56B4A991F6D4DC2003B9E73 /* HistoryTopTableViewCell.m */ = {isa = PBXFileReference; fileEncoding = 4; lastKnownFileType = sourcecode.c.objc; path = HistoryTopTableViewCell.m; sourceTree = "<group>"; };
		F56B4A9A1F6D4DC2003B9E73 /* HistoryTopTableViewCell.xib */ = {isa = PBXFileReference; fileEncoding = 4; lastKnownFileType = file.xib; path = HistoryTopTableViewCell.xib; sourceTree = "<group>"; };
		F56B4B081F6F8C98003B9E73 /* SkuCollectionViewCell.h */ = {isa = PBXFileReference; fileEncoding = 4; lastKnownFileType = sourcecode.c.h; path = SkuCollectionViewCell.h; sourceTree = "<group>"; };
		F56B4B091F6F8C98003B9E73 /* SkuCollectionViewCell.m */ = {isa = PBXFileReference; fileEncoding = 4; lastKnownFileType = sourcecode.c.objc; path = SkuCollectionViewCell.m; sourceTree = "<group>"; };
		F56B4B0A1F6F8C98003B9E73 /* SkuCollectionViewCell.xib */ = {isa = PBXFileReference; fileEncoding = 4; lastKnownFileType = file.xib; path = SkuCollectionViewCell.xib; sourceTree = "<group>"; };
		F56B4B131F6F9BAD003B9E73 /* LayoutAttributeTools.h */ = {isa = PBXFileReference; fileEncoding = 4; lastKnownFileType = sourcecode.c.h; path = LayoutAttributeTools.h; sourceTree = "<group>"; };
		F56B4B141F6F9BAD003B9E73 /* LayoutAttributeTools.m */ = {isa = PBXFileReference; fileEncoding = 4; lastKnownFileType = sourcecode.c.objc; path = LayoutAttributeTools.m; sourceTree = "<group>"; };
		F56B4B151F6F9BAD003B9E73 /* ZFFlowLayoutMacro.h */ = {isa = PBXFileReference; fileEncoding = 4; lastKnownFileType = sourcecode.c.h; path = ZFFlowLayoutMacro.h; sourceTree = "<group>"; };
		F56B4B161F6F9BAD003B9E73 /* ZFFlowLayoutProtocol.h */ = {isa = PBXFileReference; fileEncoding = 4; lastKnownFileType = sourcecode.c.h; path = ZFFlowLayoutProtocol.h; sourceTree = "<group>"; };
		F56B4B181F6F9BAD003B9E73 /* home.png */ = {isa = PBXFileReference; lastKnownFileType = image.png; path = home.png; sourceTree = "<group>"; };
		F56B4B191F6F9BAD003B9E73 /* left.png */ = {isa = PBXFileReference; lastKnownFileType = image.png; path = left.png; sourceTree = "<group>"; };
		F56B4B1A1F6F9BAD003B9E73 /* right.png */ = {isa = PBXFileReference; lastKnownFileType = image.png; path = right.png; sourceTree = "<group>"; };
		F56B4B1C1F6F9BAD003B9E73 /* LeftAlignedFlowLayout.h */ = {isa = PBXFileReference; fileEncoding = 4; lastKnownFileType = sourcecode.c.h; path = LeftAlignedFlowLayout.h; sourceTree = "<group>"; };
		F56B4B1D1F6F9BAD003B9E73 /* LeftAlignedFlowLayout.m */ = {isa = PBXFileReference; fileEncoding = 4; lastKnownFileType = sourcecode.c.objc; path = LeftAlignedFlowLayout.m; sourceTree = "<group>"; };
		F56B4B1F1F6F9BAD003B9E73 /* Attribute.h */ = {isa = PBXFileReference; fileEncoding = 4; lastKnownFileType = sourcecode.c.h; path = Attribute.h; sourceTree = "<group>"; };
		F56B4B201F6F9BAD003B9E73 /* Attribute.m */ = {isa = PBXFileReference; fileEncoding = 4; lastKnownFileType = sourcecode.c.objc; path = Attribute.m; sourceTree = "<group>"; };
		F56B4B221F6F9BAD003B9E73 /* RightAlignedFlowLayout.h */ = {isa = PBXFileReference; fileEncoding = 4; lastKnownFileType = sourcecode.c.h; path = RightAlignedFlowLayout.h; sourceTree = "<group>"; };
		F56B4B231F6F9BAD003B9E73 /* RightAlignedFlowLayout.m */ = {isa = PBXFileReference; fileEncoding = 4; lastKnownFileType = sourcecode.c.objc; path = RightAlignedFlowLayout.m; sourceTree = "<group>"; };
		F56B4B241F6F9BAD003B9E73 /* ZFFlowLayout.h */ = {isa = PBXFileReference; fileEncoding = 4; lastKnownFileType = sourcecode.c.h; path = ZFFlowLayout.h; sourceTree = "<group>"; };
		F56B4B251F6F9BAD003B9E73 /* ZFFlowLayout.m */ = {isa = PBXFileReference; fileEncoding = 4; lastKnownFileType = sourcecode.c.objc; path = ZFFlowLayout.m; sourceTree = "<group>"; };
		F56B4B7F1F70AD2A003B9E73 /* OrderViewController.h */ = {isa = PBXFileReference; fileEncoding = 4; lastKnownFileType = sourcecode.c.h; path = OrderViewController.h; sourceTree = "<group>"; };
		F56B4B801F70AD2A003B9E73 /* OrderViewController.m */ = {isa = PBXFileReference; fileEncoding = 4; lastKnownFileType = sourcecode.c.objc; path = OrderViewController.m; sourceTree = "<group>"; };
		F56B4B811F70AD2A003B9E73 /* OrderViewController.xib */ = {isa = PBXFileReference; fileEncoding = 4; lastKnownFileType = file.xib; path = OrderViewController.xib; sourceTree = "<group>"; };
		F56B4B9A1F724240003B9E73 /* ValidationViewController.h */ = {isa = PBXFileReference; fileEncoding = 4; lastKnownFileType = sourcecode.c.h; path = ValidationViewController.h; sourceTree = "<group>"; };
		F56B4B9B1F724240003B9E73 /* ValidationViewController.m */ = {isa = PBXFileReference; fileEncoding = 4; lastKnownFileType = sourcecode.c.objc; path = ValidationViewController.m; sourceTree = "<group>"; };
		F56B4B9C1F724240003B9E73 /* ValidationViewController.xib */ = {isa = PBXFileReference; fileEncoding = 4; lastKnownFileType = file.xib; path = ValidationViewController.xib; sourceTree = "<group>"; };
		F56CDAF91F74C17F00238750 /* OrderModel.h */ = {isa = PBXFileReference; lastKnownFileType = sourcecode.c.h; path = OrderModel.h; sourceTree = "<group>"; };
		F56CDAFA1F74C17F00238750 /* OrderModel.m */ = {isa = PBXFileReference; lastKnownFileType = sourcecode.c.objc; path = OrderModel.m; sourceTree = "<group>"; };
		F56CDAFD1F7501A100238750 /* OrderDetailModel.h */ = {isa = PBXFileReference; lastKnownFileType = sourcecode.c.h; path = OrderDetailModel.h; sourceTree = "<group>"; };
		F56CDAFE1F7501A100238750 /* OrderDetailModel.m */ = {isa = PBXFileReference; lastKnownFileType = sourcecode.c.objc; path = OrderDetailModel.m; sourceTree = "<group>"; };
		F59C25101F6A222600C4087B /* UserViewController.h */ = {isa = PBXFileReference; fileEncoding = 4; lastKnownFileType = sourcecode.c.h; path = UserViewController.h; sourceTree = "<group>"; };
		F59C25111F6A222600C4087B /* UserViewController.m */ = {isa = PBXFileReference; fileEncoding = 4; lastKnownFileType = sourcecode.c.objc; path = UserViewController.m; sourceTree = "<group>"; };
		F59C25121F6A222600C4087B /* UserViewController.xib */ = {isa = PBXFileReference; fileEncoding = 4; lastKnownFileType = file.xib; path = UserViewController.xib; sourceTree = "<group>"; };
		F5A53BF51F57F0C400DAECC5 /* RowsModel.h */ = {isa = PBXFileReference; fileEncoding = 4; lastKnownFileType = sourcecode.c.h; path = RowsModel.h; sourceTree = "<group>"; };
		F5A53BF61F57F0C400DAECC5 /* RowsModel.m */ = {isa = PBXFileReference; fileEncoding = 4; lastKnownFileType = sourcecode.c.objc; path = RowsModel.m; sourceTree = "<group>"; };
		F5A53BF91F57F55000DAECC5 /* GoodsCollectionViewCell.h */ = {isa = PBXFileReference; fileEncoding = 4; lastKnownFileType = sourcecode.c.h; path = GoodsCollectionViewCell.h; sourceTree = "<group>"; };
		F5A53BFA1F57F55000DAECC5 /* GoodsCollectionViewCell.m */ = {isa = PBXFileReference; fileEncoding = 4; lastKnownFileType = sourcecode.c.objc; path = GoodsCollectionViewCell.m; sourceTree = "<group>"; };
		F5A53BFB1F57F55000DAECC5 /* GoodsCollectionViewCell.xib */ = {isa = PBXFileReference; fileEncoding = 4; lastKnownFileType = file.xib; path = GoodsCollectionViewCell.xib; sourceTree = "<group>"; };
		F5A53BFE1F58110000DAECC5 /* QRCodeScanViewController.h */ = {isa = PBXFileReference; fileEncoding = 4; lastKnownFileType = sourcecode.c.h; path = QRCodeScanViewController.h; sourceTree = "<group>"; };
		F5A53BFF1F58110000DAECC5 /* QRCodeScanViewController.m */ = {isa = PBXFileReference; fileEncoding = 4; lastKnownFileType = sourcecode.c.objc; path = QRCodeScanViewController.m; sourceTree = "<group>"; };
		F5A53C011F581E4000DAECC5 /* UIView+FSExtension.h */ = {isa = PBXFileReference; fileEncoding = 4; lastKnownFileType = sourcecode.c.h; path = "UIView+FSExtension.h"; sourceTree = "<group>"; };
		F5A53C021F581E4000DAECC5 /* UIView+FSExtension.m */ = {isa = PBXFileReference; fileEncoding = 4; lastKnownFileType = sourcecode.c.objc; path = "UIView+FSExtension.m"; sourceTree = "<group>"; };
		F5A53C041F58F58600DAECC5 /* CategoryViewController.h */ = {isa = PBXFileReference; fileEncoding = 4; lastKnownFileType = sourcecode.c.h; path = CategoryViewController.h; sourceTree = "<group>"; };
		F5A53C051F58F58600DAECC5 /* CategoryViewController.m */ = {isa = PBXFileReference; fileEncoding = 4; lastKnownFileType = sourcecode.c.objc; path = CategoryViewController.m; sourceTree = "<group>"; };
		F5A53C061F58F58600DAECC5 /* CategoryViewController.xib */ = {isa = PBXFileReference; fileEncoding = 4; lastKnownFileType = file.xib; path = CategoryViewController.xib; sourceTree = "<group>"; };
		F5A53C091F58FFA100DAECC5 /* GoodsDetailViewController.h */ = {isa = PBXFileReference; fileEncoding = 4; lastKnownFileType = sourcecode.c.h; path = GoodsDetailViewController.h; sourceTree = "<group>"; };
		F5A53C0A1F58FFA100DAECC5 /* GoodsDetailViewController.m */ = {isa = PBXFileReference; fileEncoding = 4; lastKnownFileType = sourcecode.c.objc; path = GoodsDetailViewController.m; sourceTree = "<group>"; };
		F5A53C0B1F58FFA100DAECC5 /* GoodsDetailViewController.xib */ = {isa = PBXFileReference; fileEncoding = 4; lastKnownFileType = file.xib; path = GoodsDetailViewController.xib; sourceTree = "<group>"; };
		F5A53C0E1F59764600DAECC5 /* OderInfoViewController.h */ = {isa = PBXFileReference; fileEncoding = 4; lastKnownFileType = sourcecode.c.h; path = OderInfoViewController.h; sourceTree = "<group>"; };
		F5A53C0F1F59764600DAECC5 /* OderInfoViewController.m */ = {isa = PBXFileReference; fileEncoding = 4; lastKnownFileType = sourcecode.c.objc; path = OderInfoViewController.m; sourceTree = "<group>"; };
		F5A53C101F59764600DAECC5 /* OderInfoViewController.xib */ = {isa = PBXFileReference; fileEncoding = 4; lastKnownFileType = file.xib; path = OderInfoViewController.xib; sourceTree = "<group>"; };
		F5A53C131F5CE33C00DAECC5 /* GoodsDetailModel.h */ = {isa = PBXFileReference; fileEncoding = 4; lastKnownFileType = sourcecode.c.h; path = GoodsDetailModel.h; sourceTree = "<group>"; };
		F5A53C141F5CE33C00DAECC5 /* GoodsDetailModel.m */ = {isa = PBXFileReference; fileEncoding = 4; lastKnownFileType = sourcecode.c.objc; path = GoodsDetailModel.m; sourceTree = "<group>"; };
		F5A53C161F5D240F00DAECC5 /* Sku.h */ = {isa = PBXFileReference; fileEncoding = 4; lastKnownFileType = sourcecode.c.h; path = Sku.h; sourceTree = "<group>"; };
		F5A53C171F5D240F00DAECC5 /* Sku.m */ = {isa = PBXFileReference; fileEncoding = 4; lastKnownFileType = sourcecode.c.objc; path = Sku.m; sourceTree = "<group>"; };
		F5A53C1A1F5E36BD00DAECC5 /* PaymentCodeViewController.h */ = {isa = PBXFileReference; fileEncoding = 4; lastKnownFileType = sourcecode.c.h; path = PaymentCodeViewController.h; sourceTree = "<group>"; };
		F5A53C1B1F5E36BD00DAECC5 /* PaymentCodeViewController.m */ = {isa = PBXFileReference; fileEncoding = 4; lastKnownFileType = sourcecode.c.objc; path = PaymentCodeViewController.m; sourceTree = "<group>"; };
		F5A53C1C1F5E36BD00DAECC5 /* PaymentCodeViewController.xib */ = {isa = PBXFileReference; fileEncoding = 4; lastKnownFileType = file.xib; path = PaymentCodeViewController.xib; sourceTree = "<group>"; };
		F5A53C1F1F5E40D300DAECC5 /* KuaiDiViewController.h */ = {isa = PBXFileReference; fileEncoding = 4; lastKnownFileType = sourcecode.c.h; path = KuaiDiViewController.h; sourceTree = "<group>"; };
		F5A53C201F5E40D300DAECC5 /* KuaiDiViewController.m */ = {isa = PBXFileReference; fileEncoding = 4; lastKnownFileType = sourcecode.c.objc; path = KuaiDiViewController.m; sourceTree = "<group>"; };
		F5A53C211F5E40D300DAECC5 /* KuaiDiViewController.xib */ = {isa = PBXFileReference; fileEncoding = 4; lastKnownFileType = file.xib; path = KuaiDiViewController.xib; sourceTree = "<group>"; };
		F5A981891F7E288200A18EC9 /* DongApplication.h */ = {isa = PBXFileReference; lastKnownFileType = sourcecode.c.h; path = DongApplication.h; sourceTree = "<group>"; };
		F5A9818A1F7E288200A18EC9 /* DongApplication.m */ = {isa = PBXFileReference; lastKnownFileType = sourcecode.c.objc; path = DongApplication.m; sourceTree = "<group>"; };
		F5A9818C1F7E2BA400A18EC9 /* ShowPictureViewController.h */ = {isa = PBXFileReference; lastKnownFileType = sourcecode.c.h; path = ShowPictureViewController.h; sourceTree = "<group>"; };
		F5A9818D1F7E2BA400A18EC9 /* ShowPictureViewController.m */ = {isa = PBXFileReference; lastKnownFileType = sourcecode.c.objc; path = ShowPictureViewController.m; sourceTree = "<group>"; };
		F5A9818E1F7E2BA400A18EC9 /* ShowPictureViewController.xib */ = {isa = PBXFileReference; lastKnownFileType = file.xib; path = ShowPictureViewController.xib; sourceTree = "<group>"; };
		F5C4654B1F95E22900FCCF96 /* ShowPoictureStaticViewController.h */ = {isa = PBXFileReference; lastKnownFileType = sourcecode.c.h; path = ShowPoictureStaticViewController.h; sourceTree = "<group>"; };
		F5C4654C1F95E22900FCCF96 /* ShowPoictureStaticViewController.m */ = {isa = PBXFileReference; lastKnownFileType = sourcecode.c.objc; path = ShowPoictureStaticViewController.m; sourceTree = "<group>"; };
		F5C4654D1F95E22900FCCF96 /* ShowPoictureStaticViewController.xib */ = {isa = PBXFileReference; lastKnownFileType = file.xib; path = ShowPoictureStaticViewController.xib; sourceTree = "<group>"; };
		F5C465501F98965800FCCF96 /* PrintViewController.h */ = {isa = PBXFileReference; lastKnownFileType = sourcecode.c.h; path = PrintViewController.h; sourceTree = "<group>"; };
		F5C465511F98965800FCCF96 /* PrintViewController.m */ = {isa = PBXFileReference; lastKnownFileType = sourcecode.c.objc; path = PrintViewController.m; sourceTree = "<group>"; };
		F5C465521F98965800FCCF96 /* PrintViewController.xib */ = {isa = PBXFileReference; lastKnownFileType = file.xib; path = PrintViewController.xib; sourceTree = "<group>"; };
		F5CC32021F67B03D006F03F2 /* DKColorTable.txt */ = {isa = PBXFileReference; fileEncoding = 4; lastKnownFileType = text; path = DKColorTable.txt; sourceTree = "<group>"; };
		F5D3269E1F5E8DEF004A0C78 /* THNChooseCityViewController.h */ = {isa = PBXFileReference; fileEncoding = 4; lastKnownFileType = sourcecode.c.h; path = THNChooseCityViewController.h; sourceTree = "<group>"; };
		F5D3269F1F5E8DEF004A0C78 /* THNChooseCityViewController.m */ = {isa = PBXFileReference; fileEncoding = 4; lastKnownFileType = sourcecode.c.objc; path = THNChooseCityViewController.m; sourceTree = "<group>"; };
		F5D326A11F5E8F50004A0C78 /* THNProvinceModel.h */ = {isa = PBXFileReference; fileEncoding = 4; lastKnownFileType = sourcecode.c.h; path = THNProvinceModel.h; sourceTree = "<group>"; };
		F5D326A21F5E8F50004A0C78 /* THNProvinceModel.m */ = {isa = PBXFileReference; fileEncoding = 4; lastKnownFileType = sourcecode.c.objc; path = THNProvinceModel.m; sourceTree = "<group>"; };
		F5D326A41F5FD218004A0C78 /* CategoryTableViewCell.h */ = {isa = PBXFileReference; fileEncoding = 4; lastKnownFileType = sourcecode.c.h; path = CategoryTableViewCell.h; sourceTree = "<group>"; };
		F5D326A51F5FD218004A0C78 /* CategoryTableViewCell.m */ = {isa = PBXFileReference; fileEncoding = 4; lastKnownFileType = sourcecode.c.objc; path = CategoryTableViewCell.m; sourceTree = "<group>"; };
		F5D326A61F5FD218004A0C78 /* CategoryTableViewCell.xib */ = {isa = PBXFileReference; fileEncoding = 4; lastKnownFileType = file.xib; path = CategoryTableViewCell.xib; sourceTree = "<group>"; };
		F5F834D61F6A80E4000480DA /* SearchViewController.h */ = {isa = PBXFileReference; fileEncoding = 4; lastKnownFileType = sourcecode.c.h; path = SearchViewController.h; sourceTree = "<group>"; };
		F5F834D71F6A80E4000480DA /* SearchViewController.m */ = {isa = PBXFileReference; fileEncoding = 4; lastKnownFileType = sourcecode.c.objc; path = SearchViewController.m; sourceTree = "<group>"; };
		F5F834D81F6A80E4000480DA /* SearchViewController.xib */ = {isa = PBXFileReference; fileEncoding = 4; lastKnownFileType = file.xib; path = SearchViewController.xib; sourceTree = "<group>"; };
		F5F834DC1F6B86D9000480DA /* SearchExpandedTableViewCell.h */ = {isa = PBXFileReference; fileEncoding = 4; lastKnownFileType = sourcecode.c.h; path = SearchExpandedTableViewCell.h; sourceTree = "<group>"; };
		F5F834DD1F6B86D9000480DA /* SearchExpandedTableViewCell.m */ = {isa = PBXFileReference; fileEncoding = 4; lastKnownFileType = sourcecode.c.objc; path = SearchExpandedTableViewCell.m; sourceTree = "<group>"; };
		F5F834DE1F6B86D9000480DA /* SearchExpandedTableViewCell.xib */ = {isa = PBXFileReference; fileEncoding = 4; lastKnownFileType = file.xib; path = SearchExpandedTableViewCell.xib; sourceTree = "<group>"; };
		F5F834E11F6BB58B000480DA /* SearchResultListViewController.h */ = {isa = PBXFileReference; fileEncoding = 4; lastKnownFileType = sourcecode.c.h; path = SearchResultListViewController.h; sourceTree = "<group>"; };
		F5F834E21F6BB58B000480DA /* SearchResultListViewController.m */ = {isa = PBXFileReference; fileEncoding = 4; lastKnownFileType = sourcecode.c.objc; path = SearchResultListViewController.m; sourceTree = "<group>"; };
		F5F834E31F6BB58B000480DA /* SearchResultListViewController.xib */ = {isa = PBXFileReference; fileEncoding = 4; lastKnownFileType = file.xib; path = SearchResultListViewController.xib; sourceTree = "<group>"; };
		F5F834E71F6BBE76000480DA /* SearchListModel.h */ = {isa = PBXFileReference; fileEncoding = 4; lastKnownFileType = sourcecode.c.h; path = SearchListModel.h; sourceTree = "<group>"; };
		F5F834E81F6BBE76000480DA /* SearchListModel.m */ = {isa = PBXFileReference; fileEncoding = 4; lastKnownFileType = sourcecode.c.objc; path = SearchListModel.m; sourceTree = "<group>"; };
		F5F834EA1F6BD3EA000480DA /* SearchHistoryModel.h */ = {isa = PBXFileReference; fileEncoding = 4; lastKnownFileType = sourcecode.c.h; path = SearchHistoryModel.h; sourceTree = "<group>"; };
		F5F834EB1F6BD3EA000480DA /* SearchHistoryModel.m */ = {isa = PBXFileReference; fileEncoding = 4; lastKnownFileType = sourcecode.c.objc; path = SearchHistoryModel.m; sourceTree = "<group>"; };
/* End PBXFileReference section */

/* Begin PBXFrameworksBuildPhase section */
		F51A42051F565EE400D73497 /* Frameworks */ = {
			isa = PBXFrameworksBuildPhase;
			buildActionMask = 2147483647;
			files = (
				54686E46EFFC9E9166BD2650 /* Pods_ShopTest.framework in Frameworks */,
			);
			runOnlyForDeploymentPostprocessing = 0;
		};
/* End PBXFrameworksBuildPhase section */

/* Begin PBXGroup section */
		48BE567C1F7395B500455B0C /* View */ = {
			isa = PBXGroup;
			children = (
				48BE567D1F7395EC00455B0C /* OrderTableViewCell.h */,
				48BE567E1F7395EC00455B0C /* OrderTableViewCell.m */,
				48BE567F1F7395EC00455B0C /* OrderTableViewCell.xib */,
				48BE56821F73963000455B0C /* OrderTopTableViewCell.h */,
				48BE56831F73963000455B0C /* OrderTopTableViewCell.m */,
				48BE56841F73963000455B0C /* OrderTopTableViewCell.xib */,
			);
			path = View;
			sourceTree = "<group>";
		};
		9F866EEE37C09494FBD933A5 /* Frameworks */ = {
			isa = PBXGroup;
			children = (
				B2951A85DB31F2E9F65F2EC7 /* Pods_ShopTest.framework */,
			);
			name = Frameworks;
			sourceTree = "<group>";
		};
		D646FA27D0ADB5ED51464E15 /* Pods */ = {
			isa = PBXGroup;
			children = (
				E8CD2C05903F8959F16CDD82 /* Pods-ShopTest.debug.xcconfig */,
				EF2119BB5311CF3176B51094 /* Pods-ShopTest.release.xcconfig */,
				24839170579F84876AFBCC93 /* Pods-ShopTest.ad hoc distribution.xcconfig */,
			);
			name = Pods;
			sourceTree = "<group>";
		};
		F51A41FF1F565EE400D73497 = {
			isa = PBXGroup;
			children = (
				F564688F1F56684E00C728E8 /* Podfile */,
				F51A420A1F565EE400D73497 /* ShopTest */,
				F51A42091F565EE400D73497 /* Products */,
				D646FA27D0ADB5ED51464E15 /* Pods */,
				9F866EEE37C09494FBD933A5 /* Frameworks */,
			);
			sourceTree = "<group>";
		};
		F51A42091F565EE400D73497 /* Products */ = {
			isa = PBXGroup;
			children = (
				F51A42081F565EE400D73497 /* ShopStore.app */,
			);
			name = Products;
			sourceTree = "<group>";
		};
		F51A420A1F565EE400D73497 /* ShopTest */ = {
			isa = PBXGroup;
			children = (
				F554FBCF1F78E0D50011C653 /* ShopTest-Bridging-Header.h */,
				F56B4B7E1F70AD14003B9E73 /* Order */,
				F59C250F1F6A206600C4087B /* User */,
				F55C91AD1F6910E400A35457 /* Pay */,
				F55C91A71F69089900A35457 /* Theme */,
				F56468AA1F569E7300C728E8 /* Base */,
				F56468A41F569CB800C728E8 /* Goods */,
				F56468971F56994C00C728E8 /* Tool */,
				F56468911F566B8C00C728E8 /* Macro */,
				F56468881F56608300C728E8 /* Login */,
				F5CC32021F67B03D006F03F2 /* DKColorTable.txt */,
				F51A420E1F565EE400D73497 /* AppDelegate.h */,
				F51A420F1F565EE400D73497 /* AppDelegate.m */,
				F5A981891F7E288200A18EC9 /* DongApplication.h */,
				F5A9818A1F7E288200A18EC9 /* DongApplication.m */,
				F56468AE1F56A0E000C728E8 /* Vc.h */,
				F56468AF1F56A0E000C728E8 /* Vc.m */,
				F56468B01F56A0E000C728E8 /* Vc.xib */,
				F51A42171F565EE400D73497 /* Assets.xcassets */,
				F51A42191F565EE400D73497 /* LaunchScreen.storyboard */,
				F51A421C1F565EE400D73497 /* Info.plist */,
				F51A420B1F565EE400D73497 /* Supporting Files */,
				F5A9818C1F7E2BA400A18EC9 /* ShowPictureViewController.h */,
				F5A9818D1F7E2BA400A18EC9 /* ShowPictureViewController.m */,
				F5A9818E1F7E2BA400A18EC9 /* ShowPictureViewController.xib */,
				F5C4654B1F95E22900FCCF96 /* ShowPoictureStaticViewController.h */,
				F5C4654C1F95E22900FCCF96 /* ShowPoictureStaticViewController.m */,
				F5C4654D1F95E22900FCCF96 /* ShowPoictureStaticViewController.xib */,
			);
			path = ShopTest;
			sourceTree = "<group>";
		};
		F51A420B1F565EE400D73497 /* Supporting Files */ = {
			isa = PBXGroup;
			children = (
				F51A420C1F565EE400D73497 /* main.m */,
			);
			name = "Supporting Files";
			sourceTree = "<group>";
		};
		F52C352A1F57BED600800C8C /* Model */ = {
			isa = PBXGroup;
			children = (
				F5D326A11F5E8F50004A0C78 /* THNProvinceModel.h */,
				F5D326A21F5E8F50004A0C78 /* THNProvinceModel.m */,
				F52C352B1F57BEE900800C8C /* GoodsModel.h */,
				F52C352C1F57BEE900800C8C /* GoodsModel.m */,
				F5A53BF51F57F0C400DAECC5 /* RowsModel.h */,
				F5A53BF61F57F0C400DAECC5 /* RowsModel.m */,
				F5A53C131F5CE33C00DAECC5 /* GoodsDetailModel.h */,
				F5A53C141F5CE33C00DAECC5 /* GoodsDetailModel.m */,
				F5A53C161F5D240F00DAECC5 /* Sku.h */,
				F5A53C171F5D240F00DAECC5 /* Sku.m */,
			);
			path = Model;
			sourceTree = "<group>";
		};
		F55C91A71F69089900A35457 /* Theme */ = {
			isa = PBXGroup;
			children = (
				F55C91A81F6908A500A35457 /* ThemeViewController.h */,
				F55C91A91F6908A500A35457 /* ThemeViewController.m */,
				F55C91AA1F6908A500A35457 /* ThemeViewController.xib */,
			);
			path = Theme;
			sourceTree = "<group>";
		};
		F55C91AD1F6910E400A35457 /* Pay */ = {
			isa = PBXGroup;
			children = (
				F55C91AE1F6910F600A35457 /* PayWayViewController.h */,
				F55C91AF1F6910F600A35457 /* PayWayViewController.m */,
				F55C91B01F6910F600A35457 /* PayWayViewController.xib */,
			);
			path = Pay;
			sourceTree = "<group>";
		};
		F56468881F56608300C728E8 /* Login */ = {
			isa = PBXGroup;
			children = (
				F56468931F566CF900C728E8 /* Model */,
				F56468891F5660A200C728E8 /* LoginViewController.h */,
				F564688A1F5660A200C728E8 /* LoginViewController.m */,
				F564688B1F5660A200C728E8 /* LoginViewController.xib */,
			);
			path = Login;
			sourceTree = "<group>";
		};
		F56468911F566B8C00C728E8 /* Macro */ = {
			isa = PBXGroup;
			children = (
				F564689F1F5699AC00C728E8 /* FBConfig.h */,
			);
			path = Macro;
			sourceTree = "<group>";
		};
		F56468931F566CF900C728E8 /* Model */ = {
			isa = PBXGroup;
			children = (
				F56468941F566D0E00C728E8 /* UserModel.h */,
				F56468951F566D0E00C728E8 /* UserModel.m */,
			);
			path = Model;
			sourceTree = "<group>";
		};
		F56468971F56994C00C728E8 /* Tool */ = {
			isa = PBXGroup;
			children = (
				F56B4B0D1F6F9B37003B9E73 /* FlowLayout */,
				F56468A01F569A1D00C728E8 /* Extension */,
				F56468981F56995A00C728E8 /* Network */,
			);
			path = Tool;
			sourceTree = "<group>";
		};
		F56468981F56995A00C728E8 /* Network */ = {
			isa = PBXGroup;
			children = (
				F56468991F56995A00C728E8 /* FBAPI.h */,
				F564689A1F56995A00C728E8 /* FBAPI.m */,
				F564689B1F56995A00C728E8 /* FBRequest.h */,
				F564689C1F56995A00C728E8 /* FBRequest.m */,
			);
			path = Network;
			sourceTree = "<group>";
		};
		F56468A01F569A1D00C728E8 /* Extension */ = {
			isa = PBXGroup;
			children = (
				F5A53C011F581E4000DAECC5 /* UIView+FSExtension.h */,
				F5A53C021F581E4000DAECC5 /* UIView+FSExtension.m */,
				F52C35271F57AC0700800C8C /* UIColor+Extension.h */,
				F52C35281F57AC0700800C8C /* UIColor+Extension.m */,
				F56468A11F569A2700C728E8 /* NSString+FBMD5.h */,
				F56468A21F569A2700C728E8 /* NSString+FBMD5.m */,
			);
			path = Extension;
			sourceTree = "<group>";
		};
		F56468A41F569CB800C728E8 /* Goods */ = {
			isa = PBXGroup;
			children = (
				F5D3269E1F5E8DEF004A0C78 /* THNChooseCityViewController.h */,
				F5D3269F1F5E8DEF004A0C78 /* THNChooseCityViewController.m */,
				F5A53BFE1F58110000DAECC5 /* QRCodeScanViewController.h */,
				F5A53BFF1F58110000DAECC5 /* QRCodeScanViewController.m */,
				F5A53BF81F57F53300DAECC5 /* View */,
				F52C352A1F57BED600800C8C /* Model */,
				F56468A51F569CCD00C728E8 /* GoodsViewController.h */,
				F56468A61F569CCD00C728E8 /* GoodsViewController.m */,
				F56468A71F569CCD00C728E8 /* GoodsViewController.xib */,
				F5A53C041F58F58600DAECC5 /* CategoryViewController.h */,
				F5A53C051F58F58600DAECC5 /* CategoryViewController.m */,
				F5A53C061F58F58600DAECC5 /* CategoryViewController.xib */,
				F5A53C091F58FFA100DAECC5 /* GoodsDetailViewController.h */,
				F5A53C0A1F58FFA100DAECC5 /* GoodsDetailViewController.m */,
				F5A53C0B1F58FFA100DAECC5 /* GoodsDetailViewController.xib */,
				F5A53C0E1F59764600DAECC5 /* OderInfoViewController.h */,
				F5A53C0F1F59764600DAECC5 /* OderInfoViewController.m */,
				F5A53C101F59764600DAECC5 /* OderInfoViewController.xib */,
				F5A53C1A1F5E36BD00DAECC5 /* PaymentCodeViewController.h */,
				F5A53C1B1F5E36BD00DAECC5 /* PaymentCodeViewController.m */,
				F5A53C1C1F5E36BD00DAECC5 /* PaymentCodeViewController.xib */,
				F5A53C1F1F5E40D300DAECC5 /* KuaiDiViewController.h */,
				F5A53C201F5E40D300DAECC5 /* KuaiDiViewController.m */,
				F5A53C211F5E40D300DAECC5 /* KuaiDiViewController.xib */,
			);
			path = Goods;
			sourceTree = "<group>";
		};
		F56468AA1F569E7300C728E8 /* Base */ = {
			isa = PBXGroup;
			children = (
				F56468AB1F569E8C00C728E8 /* BaseNavController.h */,
				F56468AC1F569E8C00C728E8 /* BaseNavController.m */,
			);
			path = Base;
			sourceTree = "<group>";
		};
		F56B4B0D1F6F9B37003B9E73 /* FlowLayout */ = {
			isa = PBXGroup;
			children = (
				F56B4B111F6F9BAD003B9E73 /* Src */,
			);
			path = FlowLayout;
			sourceTree = "<group>";
		};
		F56B4B111F6F9BAD003B9E73 /* Src */ = {
			isa = PBXGroup;
			children = (
				F56B4B121F6F9BAD003B9E73 /* Common */,
				F56B4B171F6F9BAD003B9E73 /* EffectPicture */,
				F56B4B1B1F6F9BAD003B9E73 /* LeftAlignedFlowLayout */,
				F56B4B1E1F6F9BAD003B9E73 /* Model */,
				F56B4B211F6F9BAD003B9E73 /* RightAlignedFlowLayout */,
				F56B4B241F6F9BAD003B9E73 /* ZFFlowLayout.h */,
				F56B4B251F6F9BAD003B9E73 /* ZFFlowLayout.m */,
			);
			path = Src;
			sourceTree = "<group>";
		};
		F56B4B121F6F9BAD003B9E73 /* Common */ = {
			isa = PBXGroup;
			children = (
				F56B4B131F6F9BAD003B9E73 /* LayoutAttributeTools.h */,
				F56B4B141F6F9BAD003B9E73 /* LayoutAttributeTools.m */,
				F56B4B151F6F9BAD003B9E73 /* ZFFlowLayoutMacro.h */,
				F56B4B161F6F9BAD003B9E73 /* ZFFlowLayoutProtocol.h */,
			);
			path = Common;
			sourceTree = "<group>";
		};
		F56B4B171F6F9BAD003B9E73 /* EffectPicture */ = {
			isa = PBXGroup;
			children = (
				F56B4B181F6F9BAD003B9E73 /* home.png */,
				F56B4B191F6F9BAD003B9E73 /* left.png */,
				F56B4B1A1F6F9BAD003B9E73 /* right.png */,
			);
			path = EffectPicture;
			sourceTree = "<group>";
		};
		F56B4B1B1F6F9BAD003B9E73 /* LeftAlignedFlowLayout */ = {
			isa = PBXGroup;
			children = (
				F56B4B1C1F6F9BAD003B9E73 /* LeftAlignedFlowLayout.h */,
				F56B4B1D1F6F9BAD003B9E73 /* LeftAlignedFlowLayout.m */,
			);
			path = LeftAlignedFlowLayout;
			sourceTree = "<group>";
		};
		F56B4B1E1F6F9BAD003B9E73 /* Model */ = {
			isa = PBXGroup;
			children = (
				F56B4B1F1F6F9BAD003B9E73 /* Attribute.h */,
				F56B4B201F6F9BAD003B9E73 /* Attribute.m */,
			);
			path = Model;
			sourceTree = "<group>";
		};
		F56B4B211F6F9BAD003B9E73 /* RightAlignedFlowLayout */ = {
			isa = PBXGroup;
			children = (
				F56B4B221F6F9BAD003B9E73 /* RightAlignedFlowLayout.h */,
				F56B4B231F6F9BAD003B9E73 /* RightAlignedFlowLayout.m */,
			);
			path = RightAlignedFlowLayout;
			sourceTree = "<group>";
		};
		F56B4B7E1F70AD14003B9E73 /* Order */ = {
			isa = PBXGroup;
			children = (
				F56CDAFC1F74E0EE00238750 /* Model */,
				48BE567C1F7395B500455B0C /* View */,
				F56B4B7F1F70AD2A003B9E73 /* OrderViewController.h */,
				F56B4B801F70AD2A003B9E73 /* OrderViewController.m */,
				F56B4B811F70AD2A003B9E73 /* OrderViewController.xib */,
				F56B4B9A1F724240003B9E73 /* ValidationViewController.h */,
				F56B4B9B1F724240003B9E73 /* ValidationViewController.m */,
				F56B4B9C1F724240003B9E73 /* ValidationViewController.xib */,
				F5C465501F98965800FCCF96 /* PrintViewController.h */,
				F5C465511F98965800FCCF96 /* PrintViewController.m */,
				F5C465521F98965800FCCF96 /* PrintViewController.xib */,
			);
			path = Order;
			sourceTree = "<group>";
		};
		F56CDAFC1F74E0EE00238750 /* Model */ = {
			isa = PBXGroup;
			children = (
				F56CDAF91F74C17F00238750 /* OrderModel.h */,
				F56CDAFA1F74C17F00238750 /* OrderModel.m */,
				F56CDAFD1F7501A100238750 /* OrderDetailModel.h */,
				F56CDAFE1F7501A100238750 /* OrderDetailModel.m */,
			);
			path = Model;
			sourceTree = "<group>";
		};
		F59C250F1F6A206600C4087B /* User */ = {
			isa = PBXGroup;
			children = (
				F5F834E61F6BBE5E000480DA /* Model */,
				F5F834DB1F6B86AB000480DA /* View */,
				F59C25101F6A222600C4087B /* UserViewController.h */,
				F59C25111F6A222600C4087B /* UserViewController.m */,
				F59C25121F6A222600C4087B /* UserViewController.xib */,
				F5F834D61F6A80E4000480DA /* SearchViewController.h */,
				F5F834D71F6A80E4000480DA /* SearchViewController.m */,
				F5F834D81F6A80E4000480DA /* SearchViewController.xib */,
				F5F834E11F6BB58B000480DA /* SearchResultListViewController.h */,
				F5F834E21F6BB58B000480DA /* SearchResultListViewController.m */,
				F5F834E31F6BB58B000480DA /* SearchResultListViewController.xib */,
				48BE566B1F73519A00455B0C /* ConsoleViewController.h */,
				48BE566C1F73519A00455B0C /* ConsoleViewController.m */,
				48BE566D1F73519A00455B0C /* ConsoleViewController.xib */,
			);
			path = User;
			sourceTree = "<group>";
		};
		F5A53BF81F57F53300DAECC5 /* View */ = {
			isa = PBXGroup;
			children = (
				F5A53BF91F57F55000DAECC5 /* GoodsCollectionViewCell.h */,
				F5A53BFA1F57F55000DAECC5 /* GoodsCollectionViewCell.m */,
				F5A53BFB1F57F55000DAECC5 /* GoodsCollectionViewCell.xib */,
				F5D326A41F5FD218004A0C78 /* CategoryTableViewCell.h */,
				F5D326A51F5FD218004A0C78 /* CategoryTableViewCell.m */,
				F5D326A61F5FD218004A0C78 /* CategoryTableViewCell.xib */,
				F56B4B081F6F8C98003B9E73 /* SkuCollectionViewCell.h */,
				F56B4B091F6F8C98003B9E73 /* SkuCollectionViewCell.m */,
				F56B4B0A1F6F8C98003B9E73 /* SkuCollectionViewCell.xib */,
			);
			path = View;
			sourceTree = "<group>";
		};
		F5F834DB1F6B86AB000480DA /* View */ = {
			isa = PBXGroup;
			children = (
				48BE567B1F73633700455B0C /* ChartsSwift.h */,
				F5F834DC1F6B86D9000480DA /* SearchExpandedTableViewCell.h */,
				F5F834DD1F6B86D9000480DA /* SearchExpandedTableViewCell.m */,
				F5F834DE1F6B86D9000480DA /* SearchExpandedTableViewCell.xib */,
				F56B4A981F6D4DC2003B9E73 /* HistoryTopTableViewCell.h */,
				F56B4A991F6D4DC2003B9E73 /* HistoryTopTableViewCell.m */,
				F56B4A9A1F6D4DC2003B9E73 /* HistoryTopTableViewCell.xib */,
				48BE56701F73593700455B0C /* SalesOrderTableViewCell.h */,
				48BE56711F73593700455B0C /* SalesOrderTableViewCell.m */,
				48BE56721F73593700455B0C /* SalesOrderTableViewCell.xib */,
			);
			path = View;
			sourceTree = "<group>";
		};
		F5F834E61F6BBE5E000480DA /* Model */ = {
			isa = PBXGroup;
			children = (
				F5F834E71F6BBE76000480DA /* SearchListModel.h */,
				F5F834E81F6BBE76000480DA /* SearchListModel.m */,
				F5F834EA1F6BD3EA000480DA /* SearchHistoryModel.h */,
				F5F834EB1F6BD3EA000480DA /* SearchHistoryModel.m */,
			);
			path = Model;
			sourceTree = "<group>";
		};
/* End PBXGroup section */

/* Begin PBXNativeTarget section */
		F51A42071F565EE400D73497 /* ShopStore */ = {
			isa = PBXNativeTarget;
			buildConfigurationList = F51A421F1F565EE400D73497 /* Build configuration list for PBXNativeTarget "ShopStore" */;
			buildPhases = (
				2BB06E52ADA82F8E6291D691 /* [CP] Check Pods Manifest.lock */,
				F51A42041F565EE400D73497 /* Sources */,
				F51A42051F565EE400D73497 /* Frameworks */,
				F51A42061F565EE400D73497 /* Resources */,
				A8595F5B80850BA2EA5EB950 /* [CP] Embed Pods Frameworks */,
				7EBA326DE7D892DD18B4F287 /* [CP] Copy Pods Resources */,
			);
			buildRules = (
			);
			dependencies = (
			);
			name = ShopStore;
			productName = ShopTest;
			productReference = F51A42081F565EE400D73497 /* ShopStore.app */;
			productType = "com.apple.product-type.application";
		};
/* End PBXNativeTarget section */

/* Begin PBXProject section */
		F51A42001F565EE400D73497 /* Project object */ = {
			isa = PBXProject;
			attributes = {
				LastUpgradeCheck = 0830;
				ORGANIZATIONNAME = dong;
				TargetAttributes = {
					F51A42071F565EE400D73497 = {
						CreatedOnToolsVersion = 8.3.2;
						DevelopmentTeam = 7ET6PJMCHV;
						LastSwiftMigration = 0830;
						ProvisioningStyle = Manual;
					};
				};
			};
			buildConfigurationList = F51A42031F565EE400D73497 /* Build configuration list for PBXProject "ShopStore" */;
			compatibilityVersion = "Xcode 3.2";
			developmentRegion = English;
			hasScannedForEncodings = 0;
			knownRegions = (
				en,
				Base,
			);
			mainGroup = F51A41FF1F565EE400D73497;
			productRefGroup = F51A42091F565EE400D73497 /* Products */;
			projectDirPath = "";
			projectRoot = "";
			targets = (
				F51A42071F565EE400D73497 /* ShopStore */,
			);
		};
/* End PBXProject section */

/* Begin PBXResourcesBuildPhase section */
		F51A42061F565EE400D73497 /* Resources */ = {
			isa = PBXResourcesBuildPhase;
			buildActionMask = 2147483647;
			files = (
				F5A53C1E1F5E36BE00DAECC5 /* PaymentCodeViewController.xib in Resources */,
				F5A53C081F58F58600DAECC5 /* CategoryViewController.xib in Resources */,
				48BE56861F73963000455B0C /* OrderTopTableViewCell.xib in Resources */,
				F56468901F56684E00C728E8 /* Podfile in Resources */,
				48BE56741F73593700455B0C /* SalesOrderTableViewCell.xib in Resources */,
				F55C91B21F6910F600A35457 /* PayWayViewController.xib in Resources */,
				F5A53C121F59764600DAECC5 /* OderInfoViewController.xib in Resources */,
				F564688D1F5660A200C728E8 /* LoginViewController.xib in Resources */,
				F51A421B1F565EE400D73497 /* LaunchScreen.storyboard in Resources */,
				F5A53C0D1F58FFA100DAECC5 /* GoodsDetailViewController.xib in Resources */,
				F56B4A9C1F6D4DC2003B9E73 /* HistoryTopTableViewCell.xib in Resources */,
				F51A42181F565EE400D73497 /* Assets.xcassets in Resources */,
				F5CC32031F67B03D006F03F2 /* DKColorTable.txt in Resources */,
				F5A981901F7E2BA400A18EC9 /* ShowPictureViewController.xib in Resources */,
				F55C91AC1F6908A500A35457 /* ThemeViewController.xib in Resources */,
				48BE56811F7395EC00455B0C /* OrderTableViewCell.xib in Resources */,
				48BE566F1F73519A00455B0C /* ConsoleViewController.xib in Resources */,
				F56B4B0C1F6F8C98003B9E73 /* SkuCollectionViewCell.xib in Resources */,
				F5F834E51F6BB58B000480DA /* SearchResultListViewController.xib in Resources */,
				F56B4B281F6F9BAD003B9E73 /* left.png in Resources */,
				F5C465541F98965800FCCF96 /* PrintViewController.xib in Resources */,
				F5F834E01F6B86D9000480DA /* SearchExpandedTableViewCell.xib in Resources */,
				F5D326A81F5FD218004A0C78 /* CategoryTableViewCell.xib in Resources */,
				F5A53BFD1F57F55000DAECC5 /* GoodsCollectionViewCell.xib in Resources */,
				F59C25141F6A222600C4087B /* UserViewController.xib in Resources */,
				F5F834DA1F6A80E4000480DA /* SearchViewController.xib in Resources */,
				F56B4B291F6F9BAD003B9E73 /* right.png in Resources */,
				F56B4B271F6F9BAD003B9E73 /* home.png in Resources */,
				F56B4B9E1F724240003B9E73 /* ValidationViewController.xib in Resources */,
				F56468B21F56A0E000C728E8 /* Vc.xib in Resources */,
				F5C4654F1F95E22900FCCF96 /* ShowPoictureStaticViewController.xib in Resources */,
				F56B4B831F70AD2A003B9E73 /* OrderViewController.xib in Resources */,
				F56468A91F569CCD00C728E8 /* GoodsViewController.xib in Resources */,
				F5A53C231F5E40D300DAECC5 /* KuaiDiViewController.xib in Resources */,
			);
			runOnlyForDeploymentPostprocessing = 0;
		};
/* End PBXResourcesBuildPhase section */

/* Begin PBXShellScriptBuildPhase section */
		2BB06E52ADA82F8E6291D691 /* [CP] Check Pods Manifest.lock */ = {
			isa = PBXShellScriptBuildPhase;
			buildActionMask = 2147483647;
			files = (
			);
			inputPaths = (
			);
			name = "[CP] Check Pods Manifest.lock";
			outputPaths = (
			);
			runOnlyForDeploymentPostprocessing = 0;
			shellPath = /bin/sh;
			shellScript = "diff \"${PODS_PODFILE_DIR_PATH}/Podfile.lock\" \"${PODS_ROOT}/Manifest.lock\" > /dev/null\nif [ $? != 0 ] ; then\n    # print error to STDERR\n    echo \"error: The sandbox is not in sync with the Podfile.lock. Run 'pod install' or update your CocoaPods installation.\" >&2\n    exit 1\nfi\n";
			showEnvVarsInLog = 0;
		};
		7EBA326DE7D892DD18B4F287 /* [CP] Copy Pods Resources */ = {
			isa = PBXShellScriptBuildPhase;
			buildActionMask = 2147483647;
			files = (
			);
			inputPaths = (
			);
			name = "[CP] Copy Pods Resources";
			outputPaths = (
			);
			runOnlyForDeploymentPostprocessing = 0;
			shellPath = /bin/sh;
			shellScript = "\"${SRCROOT}/Pods/Target Support Files/Pods-ShopTest/Pods-ShopTest-resources.sh\"\n";
			showEnvVarsInLog = 0;
		};
		A8595F5B80850BA2EA5EB950 /* [CP] Embed Pods Frameworks */ = {
			isa = PBXShellScriptBuildPhase;
			buildActionMask = 2147483647;
			files = (
			);
			inputPaths = (
			);
			name = "[CP] Embed Pods Frameworks";
			outputPaths = (
			);
			runOnlyForDeploymentPostprocessing = 0;
			shellPath = /bin/sh;
			shellScript = "\"${SRCROOT}/Pods/Target Support Files/Pods-ShopTest/Pods-ShopTest-frameworks.sh\"\n";
			showEnvVarsInLog = 0;
		};
/* End PBXShellScriptBuildPhase section */

/* Begin PBXSourcesBuildPhase section */
		F51A42041F565EE400D73497 /* Sources */ = {
			isa = PBXSourcesBuildPhase;
			buildActionMask = 2147483647;
			files = (
				48BE566E1F73519A00455B0C /* ConsoleViewController.m in Sources */,
				F56CDAFF1F7501A100238750 /* OrderDetailModel.m in Sources */,
				F5F834EC1F6BD3EA000480DA /* SearchHistoryModel.m in Sources */,
				F5A53BF71F57F0C400DAECC5 /* RowsModel.m in Sources */,
				F5A9818F1F7E2BA400A18EC9 /* ShowPictureViewController.m in Sources */,
				F5A53C111F59764600DAECC5 /* OderInfoViewController.m in Sources */,
				F56B4B261F6F9BAD003B9E73 /* LayoutAttributeTools.m in Sources */,
				F55C91AB1F6908A500A35457 /* ThemeViewController.m in Sources */,
				F55C91B11F6910F600A35457 /* PayWayViewController.m in Sources */,
				F564689D1F56995A00C728E8 /* FBAPI.m in Sources */,
				F56468A81F569CCD00C728E8 /* GoodsViewController.m in Sources */,
				F564688C1F5660A200C728E8 /* LoginViewController.m in Sources */,
				F564689E1F56995A00C728E8 /* FBRequest.m in Sources */,
				48BE56731F73593700455B0C /* SalesOrderTableViewCell.m in Sources */,
				F5A53C181F5D240F00DAECC5 /* Sku.m in Sources */,
				F56B4B2C1F6F9BAD003B9E73 /* RightAlignedFlowLayout.m in Sources */,
				F52C35291F57AC0700800C8C /* UIColor+Extension.m in Sources */,
				F59C25131F6A222600C4087B /* UserViewController.m in Sources */,
				F56B4B0B1F6F8C98003B9E73 /* SkuCollectionViewCell.m in Sources */,
				F5A53C0C1F58FFA100DAECC5 /* GoodsDetailViewController.m in Sources */,
				F56468961F566D0E00C728E8 /* UserModel.m in Sources */,
				F56B4B9D1F724240003B9E73 /* ValidationViewController.m in Sources */,
				F56B4B2D1F6F9BAD003B9E73 /* ZFFlowLayout.m in Sources */,
				F5D326A31F5E8F50004A0C78 /* THNProvinceModel.m in Sources */,
				F5A53C151F5CE33C00DAECC5 /* GoodsDetailModel.m in Sources */,
				F5D326A01F5E8DEF004A0C78 /* THNChooseCityViewController.m in Sources */,
				F56B4B2A1F6F9BAD003B9E73 /* LeftAlignedFlowLayout.m in Sources */,
				F5A53BFC1F57F55000DAECC5 /* GoodsCollectionViewCell.m in Sources */,
				F5A9818B1F7E288300A18EC9 /* DongApplication.m in Sources */,
				48BE56801F7395EC00455B0C /* OrderTableViewCell.m in Sources */,
				F5A53C1D1F5E36BE00DAECC5 /* PaymentCodeViewController.m in Sources */,
				F5F834DF1F6B86D9000480DA /* SearchExpandedTableViewCell.m in Sources */,
				48BE56851F73963000455B0C /* OrderTopTableViewCell.m in Sources */,
				F56B4B821F70AD2A003B9E73 /* OrderViewController.m in Sources */,
				F56468A31F569A2700C728E8 /* NSString+FBMD5.m in Sources */,
				F5A53C071F58F58600DAECC5 /* CategoryViewController.m in Sources */,
				F56B4A9B1F6D4DC2003B9E73 /* HistoryTopTableViewCell.m in Sources */,
				F5A53C031F581E4000DAECC5 /* UIView+FSExtension.m in Sources */,
				F5F834E41F6BB58B000480DA /* SearchResultListViewController.m in Sources */,
				F56468AD1F569E8C00C728E8 /* BaseNavController.m in Sources */,
				F56B4B2B1F6F9BAD003B9E73 /* Attribute.m in Sources */,
				F5F834D91F6A80E4000480DA /* SearchViewController.m in Sources */,
				F56CDAFB1F74C17F00238750 /* OrderModel.m in Sources */,
				F5F834E91F6BBE76000480DA /* SearchListModel.m in Sources */,
				F5D326A71F5FD218004A0C78 /* CategoryTableViewCell.m in Sources */,
				F52C352D1F57BEE900800C8C /* GoodsModel.m in Sources */,
				F5C4654E1F95E22900FCCF96 /* ShowPoictureStaticViewController.m in Sources */,
				F5A53C001F58110000DAECC5 /* QRCodeScanViewController.m in Sources */,
				F5C465531F98965800FCCF96 /* PrintViewController.m in Sources */,
				F5A53C221F5E40D300DAECC5 /* KuaiDiViewController.m in Sources */,
				F51A42101F565EE400D73497 /* AppDelegate.m in Sources */,
				F56468B11F56A0E000C728E8 /* Vc.m in Sources */,
				F51A420D1F565EE400D73497 /* main.m in Sources */,
			);
			runOnlyForDeploymentPostprocessing = 0;
		};
/* End PBXSourcesBuildPhase section */

/* Begin PBXVariantGroup section */
		F51A42191F565EE400D73497 /* LaunchScreen.storyboard */ = {
			isa = PBXVariantGroup;
			children = (
				F51A421A1F565EE400D73497 /* Base */,
			);
			name = LaunchScreen.storyboard;
			sourceTree = "<group>";
		};
/* End PBXVariantGroup section */

/* Begin XCBuildConfiguration section */
		F51A421D1F565EE400D73497 /* Debug */ = {
			isa = XCBuildConfiguration;
			buildSettings = {
				ALWAYS_SEARCH_USER_PATHS = NO;
				CLANG_ANALYZER_NONNULL = YES;
				CLANG_ANALYZER_NUMBER_OBJECT_CONVERSION = YES_AGGRESSIVE;
				CLANG_CXX_LANGUAGE_STANDARD = "gnu++0x";
				CLANG_CXX_LIBRARY = "libc++";
				CLANG_ENABLE_MODULES = YES;
				CLANG_ENABLE_OBJC_ARC = YES;
				CLANG_WARN_BOOL_CONVERSION = YES;
				CLANG_WARN_CONSTANT_CONVERSION = YES;
				CLANG_WARN_DIRECT_OBJC_ISA_USAGE = YES_ERROR;
				CLANG_WARN_DOCUMENTATION_COMMENTS = YES;
				CLANG_WARN_EMPTY_BODY = YES;
				CLANG_WARN_ENUM_CONVERSION = YES;
				CLANG_WARN_INFINITE_RECURSION = YES;
				CLANG_WARN_INT_CONVERSION = YES;
				CLANG_WARN_OBJC_ROOT_CLASS = YES_ERROR;
				CLANG_WARN_SUSPICIOUS_MOVE = YES;
				CLANG_WARN_UNREACHABLE_CODE = YES;
				CLANG_WARN__DUPLICATE_METHOD_MATCH = YES;
				"CODE_SIGN_IDENTITY[sdk=iphoneos*]" = "iPhone Developer";
				COPY_PHASE_STRIP = NO;
				DEBUG_INFORMATION_FORMAT = dwarf;
				ENABLE_STRICT_OBJC_MSGSEND = YES;
				ENABLE_TESTABILITY = YES;
				GCC_C_LANGUAGE_STANDARD = gnu99;
				GCC_DYNAMIC_NO_PIC = NO;
				GCC_NO_COMMON_BLOCKS = YES;
				GCC_OPTIMIZATION_LEVEL = 0;
				GCC_PREPROCESSOR_DEFINITIONS = (
					"DEBUG=1",
					"$(inherited)",
				);
				GCC_WARN_64_TO_32_BIT_CONVERSION = YES;
				GCC_WARN_ABOUT_RETURN_TYPE = YES_ERROR;
				GCC_WARN_UNDECLARED_SELECTOR = YES;
				GCC_WARN_UNINITIALIZED_AUTOS = YES_AGGRESSIVE;
				GCC_WARN_UNUSED_FUNCTION = YES;
				GCC_WARN_UNUSED_VARIABLE = YES;
				IPHONEOS_DEPLOYMENT_TARGET = 10.3;
				MTL_ENABLE_DEBUG_INFO = YES;
				ONLY_ACTIVE_ARCH = YES;
				SDKROOT = iphoneos;
				TARGETED_DEVICE_FAMILY = "1,2";
			};
			name = Debug;
		};
		F51A421E1F565EE400D73497 /* Release */ = {
			isa = XCBuildConfiguration;
			buildSettings = {
				ALWAYS_SEARCH_USER_PATHS = NO;
				CLANG_ANALYZER_NONNULL = YES;
				CLANG_ANALYZER_NUMBER_OBJECT_CONVERSION = YES_AGGRESSIVE;
				CLANG_CXX_LANGUAGE_STANDARD = "gnu++0x";
				CLANG_CXX_LIBRARY = "libc++";
				CLANG_ENABLE_MODULES = YES;
				CLANG_ENABLE_OBJC_ARC = YES;
				CLANG_WARN_BOOL_CONVERSION = YES;
				CLANG_WARN_CONSTANT_CONVERSION = YES;
				CLANG_WARN_DIRECT_OBJC_ISA_USAGE = YES_ERROR;
				CLANG_WARN_DOCUMENTATION_COMMENTS = YES;
				CLANG_WARN_EMPTY_BODY = YES;
				CLANG_WARN_ENUM_CONVERSION = YES;
				CLANG_WARN_INFINITE_RECURSION = YES;
				CLANG_WARN_INT_CONVERSION = YES;
				CLANG_WARN_OBJC_ROOT_CLASS = YES_ERROR;
				CLANG_WARN_SUSPICIOUS_MOVE = YES;
				CLANG_WARN_UNREACHABLE_CODE = YES;
				CLANG_WARN__DUPLICATE_METHOD_MATCH = YES;
				"CODE_SIGN_IDENTITY[sdk=iphoneos*]" = "iPhone Developer";
				COPY_PHASE_STRIP = NO;
				DEBUG_INFORMATION_FORMAT = "dwarf-with-dsym";
				ENABLE_NS_ASSERTIONS = NO;
				ENABLE_STRICT_OBJC_MSGSEND = YES;
				GCC_C_LANGUAGE_STANDARD = gnu99;
				GCC_NO_COMMON_BLOCKS = YES;
				GCC_WARN_64_TO_32_BIT_CONVERSION = YES;
				GCC_WARN_ABOUT_RETURN_TYPE = YES_ERROR;
				GCC_WARN_UNDECLARED_SELECTOR = YES;
				GCC_WARN_UNINITIALIZED_AUTOS = YES_AGGRESSIVE;
				GCC_WARN_UNUSED_FUNCTION = YES;
				GCC_WARN_UNUSED_VARIABLE = YES;
				IPHONEOS_DEPLOYMENT_TARGET = 10.3;
				MTL_ENABLE_DEBUG_INFO = NO;
				SDKROOT = iphoneos;
				TARGETED_DEVICE_FAMILY = "1,2";
				VALIDATE_PRODUCT = YES;
			};
			name = Release;
		};
		F51A42201F565EE400D73497 /* Debug */ = {
			isa = XCBuildConfiguration;
			baseConfigurationReference = E8CD2C05903F8959F16CDD82 /* Pods-ShopTest.debug.xcconfig */;
			buildSettings = {
				ASSETCATALOG_COMPILER_APPICON_NAME = AppIcon;
				CLANG_ENABLE_MODULES = YES;
				CODE_SIGN_IDENTITY = "iPhone Distribution: TaiHuoniao(SHENZHEN) Science and Technology Company Limited (7ET6PJMCHV)";
				"CODE_SIGN_IDENTITY[sdk=iphoneos*]" = "iPhone Distribution";
				CODE_SIGN_STYLE = Manual;
				DEFINES_MODULE = YES;
				DEVELOPMENT_TEAM = 7ET6PJMCHV;
				INFOPLIST_FILE = ShopTest/Info.plist;
				IPHONEOS_DEPLOYMENT_TARGET = 9.0;
				LD_RUNPATH_SEARCH_PATHS = "$(inherited) @executable_path/Frameworks";
				PRODUCT_BUNDLE_IDENTIFIER = com.taihuoniao.d3inp;
				PRODUCT_NAME = "$(TARGET_NAME)";
				PROVISIONING_PROFILE = "7ffadb17-03fc-4e9e-a512-878e8b684a38";
				PROVISIONING_PROFILE_SPECIFIER = d3inP;
				SWIFT_OBJC_BRIDGING_HEADER = "ShopTest/ShopTest-Bridging-Header.h";
				SWIFT_OPTIMIZATION_LEVEL = "-Onone";
				SWIFT_VERSION = 3.0;
				TARGETED_DEVICE_FAMILY = 2;
			};
			name = Debug;
		};
		F51A42211F565EE400D73497 /* Release */ = {
			isa = XCBuildConfiguration;
			baseConfigurationReference = EF2119BB5311CF3176B51094 /* Pods-ShopTest.release.xcconfig */;
			buildSettings = {
				ASSETCATALOG_COMPILER_APPICON_NAME = AppIcon;
				CLANG_ENABLE_MODULES = YES;
				CODE_SIGN_IDENTITY = "iPhone Distribution: TaiHuoniao(SHENZHEN) Science and Technology Company Limited (7ET6PJMCHV)";
				"CODE_SIGN_IDENTITY[sdk=iphoneos*]" = "iPhone Distribution";
				CODE_SIGN_STYLE = Manual;
				DEFINES_MODULE = YES;
				DEVELOPMENT_TEAM = 7ET6PJMCHV;
				INFOPLIST_FILE = ShopTest/Info.plist;
				IPHONEOS_DEPLOYMENT_TARGET = 9.0;
				LD_RUNPATH_SEARCH_PATHS = "$(inherited) @executable_path/Frameworks";
				PRODUCT_BUNDLE_IDENTIFIER = com.taihuoniao.d3inp;
				PRODUCT_NAME = "$(TARGET_NAME)";
				PROVISIONING_PROFILE = "7ffadb17-03fc-4e9e-a512-878e8b684a38";
				PROVISIONING_PROFILE_SPECIFIER = d3inP;
				SWIFT_OBJC_BRIDGING_HEADER = "ShopTest/ShopTest-Bridging-Header.h";
				SWIFT_VERSION = 3.0;
				TARGETED_DEVICE_FAMILY = 2;
			};
			name = Release;
		};
		F5D98FAB1F6BFF23004D678A /* ad hoc distribution */ = {
			isa = XCBuildConfiguration;
			buildSettings = {
				ALWAYS_SEARCH_USER_PATHS = NO;
				CLANG_ANALYZER_NONNULL = YES;
				CLANG_ANALYZER_NUMBER_OBJECT_CONVERSION = YES_AGGRESSIVE;
				CLANG_CXX_LANGUAGE_STANDARD = "gnu++0x";
				CLANG_CXX_LIBRARY = "libc++";
				CLANG_ENABLE_MODULES = YES;
				CLANG_ENABLE_OBJC_ARC = YES;
				CLANG_WARN_BOOL_CONVERSION = YES;
				CLANG_WARN_CONSTANT_CONVERSION = YES;
				CLANG_WARN_DIRECT_OBJC_ISA_USAGE = YES_ERROR;
				CLANG_WARN_DOCUMENTATION_COMMENTS = YES;
				CLANG_WARN_EMPTY_BODY = YES;
				CLANG_WARN_ENUM_CONVERSION = YES;
				CLANG_WARN_INFINITE_RECURSION = YES;
				CLANG_WARN_INT_CONVERSION = YES;
				CLANG_WARN_OBJC_ROOT_CLASS = YES_ERROR;
				CLANG_WARN_SUSPICIOUS_MOVE = YES;
				CLANG_WARN_UNREACHABLE_CODE = YES;
				CLANG_WARN__DUPLICATE_METHOD_MATCH = YES;
				CODE_SIGN_IDENTITY = "iPhone Developer: Xiaoyi Tian (65JXH7V6N9)";
				"CODE_SIGN_IDENTITY[sdk=iphoneos*]" = "iPhone Developer";
				COPY_PHASE_STRIP = NO;
				DEBUG_INFORMATION_FORMAT = "dwarf-with-dsym";
				ENABLE_NS_ASSERTIONS = NO;
				ENABLE_STRICT_OBJC_MSGSEND = YES;
				GCC_C_LANGUAGE_STANDARD = gnu99;
				GCC_NO_COMMON_BLOCKS = YES;
				GCC_WARN_64_TO_32_BIT_CONVERSION = YES;
				GCC_WARN_ABOUT_RETURN_TYPE = YES_ERROR;
				GCC_WARN_UNDECLARED_SELECTOR = YES;
				GCC_WARN_UNINITIALIZED_AUTOS = YES_AGGRESSIVE;
				GCC_WARN_UNUSED_FUNCTION = YES;
				GCC_WARN_UNUSED_VARIABLE = YES;
				IPHONEOS_DEPLOYMENT_TARGET = 10.3;
				MTL_ENABLE_DEBUG_INFO = NO;
				SDKROOT = iphoneos;
				TARGETED_DEVICE_FAMILY = "1,2";
				VALIDATE_PRODUCT = YES;
			};
			name = "ad hoc distribution";
		};
		F5D98FAC1F6BFF23004D678A /* ad hoc distribution */ = {
			isa = XCBuildConfiguration;
			baseConfigurationReference = 24839170579F84876AFBCC93 /* Pods-ShopTest.ad hoc distribution.xcconfig */;
			buildSettings = {
				ASSETCATALOG_COMPILER_APPICON_NAME = AppIcon;
				CLANG_ENABLE_MODULES = YES;
				CODE_SIGN_IDENTITY = "iPhone Distribution: TaiHuoniao(SHENZHEN) Science and Technology Company Limited (7ET6PJMCHV)";
				"CODE_SIGN_IDENTITY[sdk=iphoneos*]" = "iPhone Distribution";
				CODE_SIGN_STYLE = Manual;
				DEFINES_MODULE = YES;
				DEVELOPMENT_TEAM = 7ET6PJMCHV;
				INFOPLIST_FILE = ShopTest/Info.plist;
				IPHONEOS_DEPLOYMENT_TARGET = 9.0;
				LD_RUNPATH_SEARCH_PATHS = "$(inherited) @executable_path/Frameworks";
				PRODUCT_BUNDLE_IDENTIFIER = com.taihuoniao.d3inp;
				PRODUCT_NAME = "$(TARGET_NAME)";
				PROVISIONING_PROFILE = "7ffadb17-03fc-4e9e-a512-878e8b684a38";
				PROVISIONING_PROFILE_SPECIFIER = d3inP;
				SWIFT_OBJC_BRIDGING_HEADER = "ShopTest/ShopTest-Bridging-Header.h";
				SWIFT_VERSION = 3.0;
				TARGETED_DEVICE_FAMILY = 2;
			};
			name = "ad hoc distribution";
		};
/* End XCBuildConfiguration section */

/* Begin XCConfigurationList section */
		F51A42031F565EE400D73497 /* Build configuration list for PBXProject "ShopStore" */ = {
			isa = XCConfigurationList;
			buildConfigurations = (
				F51A421D1F565EE400D73497 /* Debug */,
				F51A421E1F565EE400D73497 /* Release */,
				F5D98FAB1F6BFF23004D678A /* ad hoc distribution */,
			);
			defaultConfigurationIsVisible = 0;
			defaultConfigurationName = Release;
		};
		F51A421F1F565EE400D73497 /* Build configuration list for PBXNativeTarget "ShopStore" */ = {
			isa = XCConfigurationList;
			buildConfigurations = (
				F51A42201F565EE400D73497 /* Debug */,
				F51A42211F565EE400D73497 /* Release */,
				F5D98FAC1F6BFF23004D678A /* ad hoc distribution */,
			);
			defaultConfigurationIsVisible = 0;
			defaultConfigurationName = Release;
		};
/* End XCConfigurationList section */
	};
	rootObject = F51A42001F565EE400D73497 /* Project object */;
}
